
Microsoft Visual Studio Solution File, Format Version 12.00
# Visual Studio 14
VisualStudioVersion = 14.0.25123.0
MinimumVisualStudioVersion = 10.0.40219.1
Project("{FAE04EC0-301F-11D3-BF4B-00C04F79EFBC}") = "TF.Data", "src\TF.Data\TF.Data.csproj", "{784A6622-8780-49EC-B1A8-D7C2498666F7}"
EndProject
Project("{FAE04EC0-301F-11D3-BF4B-00C04F79EFBC}") = "TF.DAL", "src\TF.DAL\TF.DAL.csproj", "{2F295F07-78CE-4A7B-8098-8E7A29572C8B}"
EndProject
Project("{2150E333-8FDC-42A3-9474-1A3956D46DE8}") = "Test", "Test", "{9A969EF2-2ABF-415D-9E86-4D27CFE75304}"
EndProject
Project("{FAE04EC0-301F-11D3-BF4B-00C04F79EFBC}") = "TF.DAL.Test", "test\TF.DAL.Test\TF.DAL.Test.csproj", "{CFD79A2E-6880-40C1-BC02-FBD3DE527893}"
EndProject
Project("{2150E333-8FDC-42A3-9474-1A3956D46DE8}") = "Web", "Web", "{EF7B582D-E4B7-4517-A7C1-28FB757DAE89}"
EndProject
Project("{FAE04EC0-301F-11D3-BF4B-00C04F79EFBC}") = "TF.Web.API", "src\TF.Web.API\TF.Web.API.csproj", "{D76D6EE8-5039-4352-A455-F7866B1EBFAD}"
EndProject
Project("{FAE04EC0-301F-11D3-BF4B-00C04F79EFBC}") = "TF.Web.API.Test", "test\TF.Web.API.Test\TF.Web.API.Test.csproj", "{2B6A8415-6D6C-4D8C-9951-96035BCD9A75}"
EndProject
Project("{FAE04EC0-301F-11D3-BF4B-00C04F79EFBC}") = "TF.Web.Proxy", "src\TF.Web.Proxy\TF.Web.Proxy.csproj", "{B902FCE5-CE06-4E90-861B-957ADA1F42E3}"
EndProject
Project("{2150E333-8FDC-42A3-9474-1A3956D46DE8}") = "Client", "Client", "{8ABC615E-FB72-4EE2-91A2-9D3584C7E295}"
EndProject
Project("{262852C6-CD72-467D-83FE-5EEB1973A190}") = "TF.Client.Cordova", "TF.Client.Cordova\TF.Client.Cordova.jsproj", "{A6B7D760-BA16-46B7-AF21-B744A05E8FFF}"
EndProject
Project("{8BB2217D-0F2D-49D1-97BC-3654ED321F3B}") = "TF.Web.Core.v2", "src\TF.Web.Core.v2\TF.Web.Core.v2.xproj", "{12E93236-3C76-4513-A951-A915E3414CFE}"
EndProject
Global
	GlobalSection(SolutionConfigurationPlatforms) = preSolution
		Ad-Hoc|Android = Ad-Hoc|Android
		Ad-Hoc|Any CPU = Ad-Hoc|Any CPU
		Ad-Hoc|ARM = Ad-Hoc|ARM
		Ad-Hoc|iOS = Ad-Hoc|iOS
		Ad-Hoc|iPhone = Ad-Hoc|iPhone
		Ad-Hoc|iPhoneSimulator = Ad-Hoc|iPhoneSimulator
		Ad-Hoc|Windows Phone (Universal) = Ad-Hoc|Windows Phone (Universal)
		Ad-Hoc|Windows Phone 8 = Ad-Hoc|Windows Phone 8
		Ad-Hoc|Windows-AnyCPU = Ad-Hoc|Windows-AnyCPU
		Ad-Hoc|Windows-ARM = Ad-Hoc|Windows-ARM
		Ad-Hoc|Windows-x64 = Ad-Hoc|Windows-x64
		Ad-Hoc|Windows-x86 = Ad-Hoc|Windows-x86
		Ad-Hoc|x64 = Ad-Hoc|x64
		Ad-Hoc|x86 = Ad-Hoc|x86
		AppStore|Android = AppStore|Android
		AppStore|Any CPU = AppStore|Any CPU
		AppStore|ARM = AppStore|ARM
		AppStore|iOS = AppStore|iOS
		AppStore|iPhone = AppStore|iPhone
		AppStore|iPhoneSimulator = AppStore|iPhoneSimulator
		AppStore|Windows Phone (Universal) = AppStore|Windows Phone (Universal)
		AppStore|Windows Phone 8 = AppStore|Windows Phone 8
		AppStore|Windows-AnyCPU = AppStore|Windows-AnyCPU
		AppStore|Windows-ARM = AppStore|Windows-ARM
		AppStore|Windows-x64 = AppStore|Windows-x64
		AppStore|Windows-x86 = AppStore|Windows-x86
		AppStore|x64 = AppStore|x64
		AppStore|x86 = AppStore|x86
		Debug|Android = Debug|Android
		Debug|Any CPU = Debug|Any CPU
		Debug|ARM = Debug|ARM
		Debug|iOS = Debug|iOS
		Debug|iPhone = Debug|iPhone
		Debug|iPhoneSimulator = Debug|iPhoneSimulator
		Debug|Windows Phone (Universal) = Debug|Windows Phone (Universal)
		Debug|Windows Phone 8 = Debug|Windows Phone 8
		Debug|Windows-AnyCPU = Debug|Windows-AnyCPU
		Debug|Windows-ARM = Debug|Windows-ARM
		Debug|Windows-x64 = Debug|Windows-x64
		Debug|Windows-x86 = Debug|Windows-x86
		Debug|x64 = Debug|x64
		Debug|x86 = Debug|x86
		Release|Android = Release|Android
		Release|Any CPU = Release|Any CPU
		Release|ARM = Release|ARM
		Release|iOS = Release|iOS
		Release|iPhone = Release|iPhone
		Release|iPhoneSimulator = Release|iPhoneSimulator
		Release|Windows Phone (Universal) = Release|Windows Phone (Universal)
		Release|Windows Phone 8 = Release|Windows Phone 8
		Release|Windows-AnyCPU = Release|Windows-AnyCPU
		Release|Windows-ARM = Release|Windows-ARM
		Release|Windows-x64 = Release|Windows-x64
		Release|Windows-x86 = Release|Windows-x86
		Release|x64 = Release|x64
		Release|x86 = Release|x86
	EndGlobalSection
	GlobalSection(ProjectConfigurationPlatforms) = postSolution
		{784A6622-8780-49EC-B1A8-D7C2498666F7}.Ad-Hoc|Android.ActiveCfg = Release|Any CPU
		{784A6622-8780-49EC-B1A8-D7C2498666F7}.Ad-Hoc|Android.Build.0 = Release|Any CPU
		{784A6622-8780-49EC-B1A8-D7C2498666F7}.Ad-Hoc|Any CPU.ActiveCfg = Release|Any CPU
		{784A6622-8780-49EC-B1A8-D7C2498666F7}.Ad-Hoc|Any CPU.Build.0 = Release|Any CPU
		{784A6622-8780-49EC-B1A8-D7C2498666F7}.Ad-Hoc|ARM.ActiveCfg = Release|Any CPU
		{784A6622-8780-49EC-B1A8-D7C2498666F7}.Ad-Hoc|ARM.Build.0 = Release|Any CPU
		{784A6622-8780-49EC-B1A8-D7C2498666F7}.Ad-Hoc|iOS.ActiveCfg = Release|Any CPU
		{784A6622-8780-49EC-B1A8-D7C2498666F7}.Ad-Hoc|iOS.Build.0 = Release|Any CPU
		{784A6622-8780-49EC-B1A8-D7C2498666F7}.Ad-Hoc|iPhone.ActiveCfg = Release|Any CPU
		{784A6622-8780-49EC-B1A8-D7C2498666F7}.Ad-Hoc|iPhone.Build.0 = Release|Any CPU
		{784A6622-8780-49EC-B1A8-D7C2498666F7}.Ad-Hoc|iPhoneSimulator.ActiveCfg = Release|Any CPU
		{784A6622-8780-49EC-B1A8-D7C2498666F7}.Ad-Hoc|iPhoneSimulator.Build.0 = Release|Any CPU
		{784A6622-8780-49EC-B1A8-D7C2498666F7}.Ad-Hoc|Windows Phone (Universal).ActiveCfg = Release|Any CPU
		{784A6622-8780-49EC-B1A8-D7C2498666F7}.Ad-Hoc|Windows Phone (Universal).Build.0 = Release|Any CPU
		{784A6622-8780-49EC-B1A8-D7C2498666F7}.Ad-Hoc|Windows Phone 8.ActiveCfg = Release|Any CPU
		{784A6622-8780-49EC-B1A8-D7C2498666F7}.Ad-Hoc|Windows Phone 8.Build.0 = Release|Any CPU
		{784A6622-8780-49EC-B1A8-D7C2498666F7}.Ad-Hoc|Windows-AnyCPU.ActiveCfg = Release|Any CPU
		{784A6622-8780-49EC-B1A8-D7C2498666F7}.Ad-Hoc|Windows-AnyCPU.Build.0 = Release|Any CPU
		{784A6622-8780-49EC-B1A8-D7C2498666F7}.Ad-Hoc|Windows-ARM.ActiveCfg = Release|Any CPU
		{784A6622-8780-49EC-B1A8-D7C2498666F7}.Ad-Hoc|Windows-ARM.Build.0 = Release|Any CPU
		{784A6622-8780-49EC-B1A8-D7C2498666F7}.Ad-Hoc|Windows-x64.ActiveCfg = Release|Any CPU
		{784A6622-8780-49EC-B1A8-D7C2498666F7}.Ad-Hoc|Windows-x64.Build.0 = Release|Any CPU
		{784A6622-8780-49EC-B1A8-D7C2498666F7}.Ad-Hoc|Windows-x86.ActiveCfg = Release|Any CPU
		{784A6622-8780-49EC-B1A8-D7C2498666F7}.Ad-Hoc|Windows-x86.Build.0 = Release|Any CPU
		{784A6622-8780-49EC-B1A8-D7C2498666F7}.Ad-Hoc|x64.ActiveCfg = Release|Any CPU
		{784A6622-8780-49EC-B1A8-D7C2498666F7}.Ad-Hoc|x64.Build.0 = Release|Any CPU
		{784A6622-8780-49EC-B1A8-D7C2498666F7}.Ad-Hoc|x86.ActiveCfg = Release|Any CPU
		{784A6622-8780-49EC-B1A8-D7C2498666F7}.Ad-Hoc|x86.Build.0 = Release|Any CPU
		{784A6622-8780-49EC-B1A8-D7C2498666F7}.AppStore|Android.ActiveCfg = Release|Any CPU
		{784A6622-8780-49EC-B1A8-D7C2498666F7}.AppStore|Android.Build.0 = Release|Any CPU
		{784A6622-8780-49EC-B1A8-D7C2498666F7}.AppStore|Any CPU.ActiveCfg = Release|Any CPU
		{784A6622-8780-49EC-B1A8-D7C2498666F7}.AppStore|Any CPU.Build.0 = Release|Any CPU
		{784A6622-8780-49EC-B1A8-D7C2498666F7}.AppStore|ARM.ActiveCfg = Release|Any CPU
		{784A6622-8780-49EC-B1A8-D7C2498666F7}.AppStore|ARM.Build.0 = Release|Any CPU
		{784A6622-8780-49EC-B1A8-D7C2498666F7}.AppStore|iOS.ActiveCfg = Release|Any CPU
		{784A6622-8780-49EC-B1A8-D7C2498666F7}.AppStore|iOS.Build.0 = Release|Any CPU
		{784A6622-8780-49EC-B1A8-D7C2498666F7}.AppStore|iPhone.ActiveCfg = Release|Any CPU
		{784A6622-8780-49EC-B1A8-D7C2498666F7}.AppStore|iPhone.Build.0 = Release|Any CPU
		{784A6622-8780-49EC-B1A8-D7C2498666F7}.AppStore|iPhoneSimulator.ActiveCfg = Release|Any CPU
		{784A6622-8780-49EC-B1A8-D7C2498666F7}.AppStore|iPhoneSimulator.Build.0 = Release|Any CPU
		{784A6622-8780-49EC-B1A8-D7C2498666F7}.AppStore|Windows Phone (Universal).ActiveCfg = Release|Any CPU
		{784A6622-8780-49EC-B1A8-D7C2498666F7}.AppStore|Windows Phone (Universal).Build.0 = Release|Any CPU
		{784A6622-8780-49EC-B1A8-D7C2498666F7}.AppStore|Windows Phone 8.ActiveCfg = Release|Any CPU
		{784A6622-8780-49EC-B1A8-D7C2498666F7}.AppStore|Windows Phone 8.Build.0 = Release|Any CPU
		{784A6622-8780-49EC-B1A8-D7C2498666F7}.AppStore|Windows-AnyCPU.ActiveCfg = Release|Any CPU
		{784A6622-8780-49EC-B1A8-D7C2498666F7}.AppStore|Windows-AnyCPU.Build.0 = Release|Any CPU
		{784A6622-8780-49EC-B1A8-D7C2498666F7}.AppStore|Windows-ARM.ActiveCfg = Release|Any CPU
		{784A6622-8780-49EC-B1A8-D7C2498666F7}.AppStore|Windows-ARM.Build.0 = Release|Any CPU
		{784A6622-8780-49EC-B1A8-D7C2498666F7}.AppStore|Windows-x64.ActiveCfg = Release|Any CPU
		{784A6622-8780-49EC-B1A8-D7C2498666F7}.AppStore|Windows-x64.Build.0 = Release|Any CPU
		{784A6622-8780-49EC-B1A8-D7C2498666F7}.AppStore|Windows-x86.ActiveCfg = Release|Any CPU
		{784A6622-8780-49EC-B1A8-D7C2498666F7}.AppStore|Windows-x86.Build.0 = Release|Any CPU
		{784A6622-8780-49EC-B1A8-D7C2498666F7}.AppStore|x64.ActiveCfg = Release|Any CPU
		{784A6622-8780-49EC-B1A8-D7C2498666F7}.AppStore|x64.Build.0 = Release|Any CPU
		{784A6622-8780-49EC-B1A8-D7C2498666F7}.AppStore|x86.ActiveCfg = Release|Any CPU
		{784A6622-8780-49EC-B1A8-D7C2498666F7}.AppStore|x86.Build.0 = Release|Any CPU
		{784A6622-8780-49EC-B1A8-D7C2498666F7}.Debug|Android.ActiveCfg = Debug|Any CPU
		{784A6622-8780-49EC-B1A8-D7C2498666F7}.Debug|Android.Build.0 = Debug|Any CPU
		{784A6622-8780-49EC-B1A8-D7C2498666F7}.Debug|Any CPU.ActiveCfg = Debug|Any CPU
		{784A6622-8780-49EC-B1A8-D7C2498666F7}.Debug|Any CPU.Build.0 = Debug|Any CPU
		{784A6622-8780-49EC-B1A8-D7C2498666F7}.Debug|ARM.ActiveCfg = Debug|Any CPU
		{784A6622-8780-49EC-B1A8-D7C2498666F7}.Debug|ARM.Build.0 = Debug|Any CPU
		{784A6622-8780-49EC-B1A8-D7C2498666F7}.Debug|iOS.ActiveCfg = Debug|Any CPU
		{784A6622-8780-49EC-B1A8-D7C2498666F7}.Debug|iOS.Build.0 = Debug|Any CPU
		{784A6622-8780-49EC-B1A8-D7C2498666F7}.Debug|iPhone.ActiveCfg = Debug|Any CPU
		{784A6622-8780-49EC-B1A8-D7C2498666F7}.Debug|iPhone.Build.0 = Debug|Any CPU
		{784A6622-8780-49EC-B1A8-D7C2498666F7}.Debug|iPhoneSimulator.ActiveCfg = Debug|Any CPU
		{784A6622-8780-49EC-B1A8-D7C2498666F7}.Debug|iPhoneSimulator.Build.0 = Debug|Any CPU
		{784A6622-8780-49EC-B1A8-D7C2498666F7}.Debug|Windows Phone (Universal).ActiveCfg = Debug|Any CPU
		{784A6622-8780-49EC-B1A8-D7C2498666F7}.Debug|Windows Phone (Universal).Build.0 = Debug|Any CPU
		{784A6622-8780-49EC-B1A8-D7C2498666F7}.Debug|Windows Phone 8.ActiveCfg = Debug|Any CPU
		{784A6622-8780-49EC-B1A8-D7C2498666F7}.Debug|Windows Phone 8.Build.0 = Debug|Any CPU
		{784A6622-8780-49EC-B1A8-D7C2498666F7}.Debug|Windows-AnyCPU.ActiveCfg = Debug|Any CPU
		{784A6622-8780-49EC-B1A8-D7C2498666F7}.Debug|Windows-AnyCPU.Build.0 = Debug|Any CPU
		{784A6622-8780-49EC-B1A8-D7C2498666F7}.Debug|Windows-ARM.ActiveCfg = Debug|Any CPU
		{784A6622-8780-49EC-B1A8-D7C2498666F7}.Debug|Windows-ARM.Build.0 = Debug|Any CPU
		{784A6622-8780-49EC-B1A8-D7C2498666F7}.Debug|Windows-x64.ActiveCfg = Debug|Any CPU
		{784A6622-8780-49EC-B1A8-D7C2498666F7}.Debug|Windows-x64.Build.0 = Debug|Any CPU
		{784A6622-8780-49EC-B1A8-D7C2498666F7}.Debug|Windows-x86.ActiveCfg = Debug|Any CPU
		{784A6622-8780-49EC-B1A8-D7C2498666F7}.Debug|Windows-x86.Build.0 = Debug|Any CPU
		{784A6622-8780-49EC-B1A8-D7C2498666F7}.Debug|x64.ActiveCfg = Debug|Any CPU
		{784A6622-8780-49EC-B1A8-D7C2498666F7}.Debug|x64.Build.0 = Debug|Any CPU
		{784A6622-8780-49EC-B1A8-D7C2498666F7}.Debug|x86.ActiveCfg = Debug|Any CPU
		{784A6622-8780-49EC-B1A8-D7C2498666F7}.Debug|x86.Build.0 = Debug|Any CPU
		{784A6622-8780-49EC-B1A8-D7C2498666F7}.Release|Android.ActiveCfg = Release|Any CPU
		{784A6622-8780-49EC-B1A8-D7C2498666F7}.Release|Android.Build.0 = Release|Any CPU
		{784A6622-8780-49EC-B1A8-D7C2498666F7}.Release|Any CPU.ActiveCfg = Release|Any CPU
		{784A6622-8780-49EC-B1A8-D7C2498666F7}.Release|Any CPU.Build.0 = Release|Any CPU
		{784A6622-8780-49EC-B1A8-D7C2498666F7}.Release|ARM.ActiveCfg = Release|Any CPU
		{784A6622-8780-49EC-B1A8-D7C2498666F7}.Release|ARM.Build.0 = Release|Any CPU
		{784A6622-8780-49EC-B1A8-D7C2498666F7}.Release|iOS.ActiveCfg = Release|Any CPU
		{784A6622-8780-49EC-B1A8-D7C2498666F7}.Release|iOS.Build.0 = Release|Any CPU
		{784A6622-8780-49EC-B1A8-D7C2498666F7}.Release|iPhone.ActiveCfg = Release|Any CPU
		{784A6622-8780-49EC-B1A8-D7C2498666F7}.Release|iPhone.Build.0 = Release|Any CPU
		{784A6622-8780-49EC-B1A8-D7C2498666F7}.Release|iPhoneSimulator.ActiveCfg = Release|Any CPU
		{784A6622-8780-49EC-B1A8-D7C2498666F7}.Release|iPhoneSimulator.Build.0 = Release|Any CPU
		{784A6622-8780-49EC-B1A8-D7C2498666F7}.Release|Windows Phone (Universal).ActiveCfg = Release|Any CPU
		{784A6622-8780-49EC-B1A8-D7C2498666F7}.Release|Windows Phone (Universal).Build.0 = Release|Any CPU
		{784A6622-8780-49EC-B1A8-D7C2498666F7}.Release|Windows Phone 8.ActiveCfg = Release|Any CPU
		{784A6622-8780-49EC-B1A8-D7C2498666F7}.Release|Windows Phone 8.Build.0 = Release|Any CPU
		{784A6622-8780-49EC-B1A8-D7C2498666F7}.Release|Windows-AnyCPU.ActiveCfg = Release|Any CPU
		{784A6622-8780-49EC-B1A8-D7C2498666F7}.Release|Windows-AnyCPU.Build.0 = Release|Any CPU
		{784A6622-8780-49EC-B1A8-D7C2498666F7}.Release|Windows-ARM.ActiveCfg = Release|Any CPU
		{784A6622-8780-49EC-B1A8-D7C2498666F7}.Release|Windows-ARM.Build.0 = Release|Any CPU
		{784A6622-8780-49EC-B1A8-D7C2498666F7}.Release|Windows-x64.ActiveCfg = Release|Any CPU
		{784A6622-8780-49EC-B1A8-D7C2498666F7}.Release|Windows-x64.Build.0 = Release|Any CPU
		{784A6622-8780-49EC-B1A8-D7C2498666F7}.Release|Windows-x86.ActiveCfg = Release|Any CPU
		{784A6622-8780-49EC-B1A8-D7C2498666F7}.Release|Windows-x86.Build.0 = Release|Any CPU
		{784A6622-8780-49EC-B1A8-D7C2498666F7}.Release|x64.ActiveCfg = Release|Any CPU
		{784A6622-8780-49EC-B1A8-D7C2498666F7}.Release|x64.Build.0 = Release|Any CPU
		{784A6622-8780-49EC-B1A8-D7C2498666F7}.Release|x86.ActiveCfg = Release|Any CPU
		{784A6622-8780-49EC-B1A8-D7C2498666F7}.Release|x86.Build.0 = Release|Any CPU
		{2F295F07-78CE-4A7B-8098-8E7A29572C8B}.Ad-Hoc|Android.ActiveCfg = Release|Any CPU
		{2F295F07-78CE-4A7B-8098-8E7A29572C8B}.Ad-Hoc|Android.Build.0 = Release|Any CPU
		{2F295F07-78CE-4A7B-8098-8E7A29572C8B}.Ad-Hoc|Any CPU.ActiveCfg = Release|Any CPU
		{2F295F07-78CE-4A7B-8098-8E7A29572C8B}.Ad-Hoc|Any CPU.Build.0 = Release|Any CPU
		{2F295F07-78CE-4A7B-8098-8E7A29572C8B}.Ad-Hoc|ARM.ActiveCfg = Release|Any CPU
		{2F295F07-78CE-4A7B-8098-8E7A29572C8B}.Ad-Hoc|ARM.Build.0 = Release|Any CPU
		{2F295F07-78CE-4A7B-8098-8E7A29572C8B}.Ad-Hoc|iOS.ActiveCfg = Release|Any CPU
		{2F295F07-78CE-4A7B-8098-8E7A29572C8B}.Ad-Hoc|iOS.Build.0 = Release|Any CPU
		{2F295F07-78CE-4A7B-8098-8E7A29572C8B}.Ad-Hoc|iPhone.ActiveCfg = Release|Any CPU
		{2F295F07-78CE-4A7B-8098-8E7A29572C8B}.Ad-Hoc|iPhone.Build.0 = Release|Any CPU
		{2F295F07-78CE-4A7B-8098-8E7A29572C8B}.Ad-Hoc|iPhoneSimulator.ActiveCfg = Release|Any CPU
		{2F295F07-78CE-4A7B-8098-8E7A29572C8B}.Ad-Hoc|iPhoneSimulator.Build.0 = Release|Any CPU
		{2F295F07-78CE-4A7B-8098-8E7A29572C8B}.Ad-Hoc|Windows Phone (Universal).ActiveCfg = Release|Any CPU
		{2F295F07-78CE-4A7B-8098-8E7A29572C8B}.Ad-Hoc|Windows Phone (Universal).Build.0 = Release|Any CPU
		{2F295F07-78CE-4A7B-8098-8E7A29572C8B}.Ad-Hoc|Windows Phone 8.ActiveCfg = Release|Any CPU
		{2F295F07-78CE-4A7B-8098-8E7A29572C8B}.Ad-Hoc|Windows Phone 8.Build.0 = Release|Any CPU
		{2F295F07-78CE-4A7B-8098-8E7A29572C8B}.Ad-Hoc|Windows-AnyCPU.ActiveCfg = Release|Any CPU
		{2F295F07-78CE-4A7B-8098-8E7A29572C8B}.Ad-Hoc|Windows-AnyCPU.Build.0 = Release|Any CPU
		{2F295F07-78CE-4A7B-8098-8E7A29572C8B}.Ad-Hoc|Windows-ARM.ActiveCfg = Release|Any CPU
		{2F295F07-78CE-4A7B-8098-8E7A29572C8B}.Ad-Hoc|Windows-ARM.Build.0 = Release|Any CPU
		{2F295F07-78CE-4A7B-8098-8E7A29572C8B}.Ad-Hoc|Windows-x64.ActiveCfg = Release|Any CPU
		{2F295F07-78CE-4A7B-8098-8E7A29572C8B}.Ad-Hoc|Windows-x64.Build.0 = Release|Any CPU
		{2F295F07-78CE-4A7B-8098-8E7A29572C8B}.Ad-Hoc|Windows-x86.ActiveCfg = Release|Any CPU
		{2F295F07-78CE-4A7B-8098-8E7A29572C8B}.Ad-Hoc|Windows-x86.Build.0 = Release|Any CPU
		{2F295F07-78CE-4A7B-8098-8E7A29572C8B}.Ad-Hoc|x64.ActiveCfg = Release|Any CPU
		{2F295F07-78CE-4A7B-8098-8E7A29572C8B}.Ad-Hoc|x64.Build.0 = Release|Any CPU
		{2F295F07-78CE-4A7B-8098-8E7A29572C8B}.Ad-Hoc|x86.ActiveCfg = Release|Any CPU
		{2F295F07-78CE-4A7B-8098-8E7A29572C8B}.Ad-Hoc|x86.Build.0 = Release|Any CPU
		{2F295F07-78CE-4A7B-8098-8E7A29572C8B}.AppStore|Android.ActiveCfg = Release|Any CPU
		{2F295F07-78CE-4A7B-8098-8E7A29572C8B}.AppStore|Android.Build.0 = Release|Any CPU
		{2F295F07-78CE-4A7B-8098-8E7A29572C8B}.AppStore|Any CPU.ActiveCfg = Release|Any CPU
		{2F295F07-78CE-4A7B-8098-8E7A29572C8B}.AppStore|Any CPU.Build.0 = Release|Any CPU
		{2F295F07-78CE-4A7B-8098-8E7A29572C8B}.AppStore|ARM.ActiveCfg = Release|Any CPU
		{2F295F07-78CE-4A7B-8098-8E7A29572C8B}.AppStore|ARM.Build.0 = Release|Any CPU
		{2F295F07-78CE-4A7B-8098-8E7A29572C8B}.AppStore|iOS.ActiveCfg = Release|Any CPU
		{2F295F07-78CE-4A7B-8098-8E7A29572C8B}.AppStore|iOS.Build.0 = Release|Any CPU
		{2F295F07-78CE-4A7B-8098-8E7A29572C8B}.AppStore|iPhone.ActiveCfg = Release|Any CPU
		{2F295F07-78CE-4A7B-8098-8E7A29572C8B}.AppStore|iPhone.Build.0 = Release|Any CPU
		{2F295F07-78CE-4A7B-8098-8E7A29572C8B}.AppStore|iPhoneSimulator.ActiveCfg = Release|Any CPU
		{2F295F07-78CE-4A7B-8098-8E7A29572C8B}.AppStore|iPhoneSimulator.Build.0 = Release|Any CPU
		{2F295F07-78CE-4A7B-8098-8E7A29572C8B}.AppStore|Windows Phone (Universal).ActiveCfg = Release|Any CPU
		{2F295F07-78CE-4A7B-8098-8E7A29572C8B}.AppStore|Windows Phone (Universal).Build.0 = Release|Any CPU
		{2F295F07-78CE-4A7B-8098-8E7A29572C8B}.AppStore|Windows Phone 8.ActiveCfg = Release|Any CPU
		{2F295F07-78CE-4A7B-8098-8E7A29572C8B}.AppStore|Windows Phone 8.Build.0 = Release|Any CPU
		{2F295F07-78CE-4A7B-8098-8E7A29572C8B}.AppStore|Windows-AnyCPU.ActiveCfg = Release|Any CPU
		{2F295F07-78CE-4A7B-8098-8E7A29572C8B}.AppStore|Windows-AnyCPU.Build.0 = Release|Any CPU
		{2F295F07-78CE-4A7B-8098-8E7A29572C8B}.AppStore|Windows-ARM.ActiveCfg = Release|Any CPU
		{2F295F07-78CE-4A7B-8098-8E7A29572C8B}.AppStore|Windows-ARM.Build.0 = Release|Any CPU
		{2F295F07-78CE-4A7B-8098-8E7A29572C8B}.AppStore|Windows-x64.ActiveCfg = Release|Any CPU
		{2F295F07-78CE-4A7B-8098-8E7A29572C8B}.AppStore|Windows-x64.Build.0 = Release|Any CPU
		{2F295F07-78CE-4A7B-8098-8E7A29572C8B}.AppStore|Windows-x86.ActiveCfg = Release|Any CPU
		{2F295F07-78CE-4A7B-8098-8E7A29572C8B}.AppStore|Windows-x86.Build.0 = Release|Any CPU
		{2F295F07-78CE-4A7B-8098-8E7A29572C8B}.AppStore|x64.ActiveCfg = Release|Any CPU
		{2F295F07-78CE-4A7B-8098-8E7A29572C8B}.AppStore|x64.Build.0 = Release|Any CPU
		{2F295F07-78CE-4A7B-8098-8E7A29572C8B}.AppStore|x86.ActiveCfg = Release|Any CPU
		{2F295F07-78CE-4A7B-8098-8E7A29572C8B}.AppStore|x86.Build.0 = Release|Any CPU
		{2F295F07-78CE-4A7B-8098-8E7A29572C8B}.Debug|Android.ActiveCfg = Debug|Any CPU
		{2F295F07-78CE-4A7B-8098-8E7A29572C8B}.Debug|Android.Build.0 = Debug|Any CPU
		{2F295F07-78CE-4A7B-8098-8E7A29572C8B}.Debug|Any CPU.ActiveCfg = Debug|Any CPU
		{2F295F07-78CE-4A7B-8098-8E7A29572C8B}.Debug|Any CPU.Build.0 = Debug|Any CPU
		{2F295F07-78CE-4A7B-8098-8E7A29572C8B}.Debug|ARM.ActiveCfg = Debug|Any CPU
		{2F295F07-78CE-4A7B-8098-8E7A29572C8B}.Debug|ARM.Build.0 = Debug|Any CPU
		{2F295F07-78CE-4A7B-8098-8E7A29572C8B}.Debug|iOS.ActiveCfg = Debug|Any CPU
		{2F295F07-78CE-4A7B-8098-8E7A29572C8B}.Debug|iOS.Build.0 = Debug|Any CPU
		{2F295F07-78CE-4A7B-8098-8E7A29572C8B}.Debug|iPhone.ActiveCfg = Debug|Any CPU
		{2F295F07-78CE-4A7B-8098-8E7A29572C8B}.Debug|iPhone.Build.0 = Debug|Any CPU
		{2F295F07-78CE-4A7B-8098-8E7A29572C8B}.Debug|iPhoneSimulator.ActiveCfg = Debug|Any CPU
		{2F295F07-78CE-4A7B-8098-8E7A29572C8B}.Debug|iPhoneSimulator.Build.0 = Debug|Any CPU
		{2F295F07-78CE-4A7B-8098-8E7A29572C8B}.Debug|Windows Phone (Universal).ActiveCfg = Debug|Any CPU
		{2F295F07-78CE-4A7B-8098-8E7A29572C8B}.Debug|Windows Phone (Universal).Build.0 = Debug|Any CPU
		{2F295F07-78CE-4A7B-8098-8E7A29572C8B}.Debug|Windows Phone 8.ActiveCfg = Debug|Any CPU
		{2F295F07-78CE-4A7B-8098-8E7A29572C8B}.Debug|Windows Phone 8.Build.0 = Debug|Any CPU
		{2F295F07-78CE-4A7B-8098-8E7A29572C8B}.Debug|Windows-AnyCPU.ActiveCfg = Debug|Any CPU
		{2F295F07-78CE-4A7B-8098-8E7A29572C8B}.Debug|Windows-AnyCPU.Build.0 = Debug|Any CPU
		{2F295F07-78CE-4A7B-8098-8E7A29572C8B}.Debug|Windows-ARM.ActiveCfg = Debug|Any CPU
		{2F295F07-78CE-4A7B-8098-8E7A29572C8B}.Debug|Windows-ARM.Build.0 = Debug|Any CPU
		{2F295F07-78CE-4A7B-8098-8E7A29572C8B}.Debug|Windows-x64.ActiveCfg = Debug|Any CPU
		{2F295F07-78CE-4A7B-8098-8E7A29572C8B}.Debug|Windows-x64.Build.0 = Debug|Any CPU
		{2F295F07-78CE-4A7B-8098-8E7A29572C8B}.Debug|Windows-x86.ActiveCfg = Debug|Any CPU
		{2F295F07-78CE-4A7B-8098-8E7A29572C8B}.Debug|Windows-x86.Build.0 = Debug|Any CPU
		{2F295F07-78CE-4A7B-8098-8E7A29572C8B}.Debug|x64.ActiveCfg = Debug|Any CPU
		{2F295F07-78CE-4A7B-8098-8E7A29572C8B}.Debug|x64.Build.0 = Debug|Any CPU
		{2F295F07-78CE-4A7B-8098-8E7A29572C8B}.Debug|x86.ActiveCfg = Debug|Any CPU
		{2F295F07-78CE-4A7B-8098-8E7A29572C8B}.Debug|x86.Build.0 = Debug|Any CPU
		{2F295F07-78CE-4A7B-8098-8E7A29572C8B}.Release|Android.ActiveCfg = Release|Any CPU
		{2F295F07-78CE-4A7B-8098-8E7A29572C8B}.Release|Android.Build.0 = Release|Any CPU
		{2F295F07-78CE-4A7B-8098-8E7A29572C8B}.Release|Any CPU.ActiveCfg = Release|Any CPU
		{2F295F07-78CE-4A7B-8098-8E7A29572C8B}.Release|Any CPU.Build.0 = Release|Any CPU
		{2F295F07-78CE-4A7B-8098-8E7A29572C8B}.Release|ARM.ActiveCfg = Release|Any CPU
		{2F295F07-78CE-4A7B-8098-8E7A29572C8B}.Release|ARM.Build.0 = Release|Any CPU
		{2F295F07-78CE-4A7B-8098-8E7A29572C8B}.Release|iOS.ActiveCfg = Release|Any CPU
		{2F295F07-78CE-4A7B-8098-8E7A29572C8B}.Release|iOS.Build.0 = Release|Any CPU
		{2F295F07-78CE-4A7B-8098-8E7A29572C8B}.Release|iPhone.ActiveCfg = Release|Any CPU
		{2F295F07-78CE-4A7B-8098-8E7A29572C8B}.Release|iPhone.Build.0 = Release|Any CPU
		{2F295F07-78CE-4A7B-8098-8E7A29572C8B}.Release|iPhoneSimulator.ActiveCfg = Release|Any CPU
		{2F295F07-78CE-4A7B-8098-8E7A29572C8B}.Release|iPhoneSimulator.Build.0 = Release|Any CPU
		{2F295F07-78CE-4A7B-8098-8E7A29572C8B}.Release|Windows Phone (Universal).ActiveCfg = Release|Any CPU
		{2F295F07-78CE-4A7B-8098-8E7A29572C8B}.Release|Windows Phone (Universal).Build.0 = Release|Any CPU
		{2F295F07-78CE-4A7B-8098-8E7A29572C8B}.Release|Windows Phone 8.ActiveCfg = Release|Any CPU
		{2F295F07-78CE-4A7B-8098-8E7A29572C8B}.Release|Windows Phone 8.Build.0 = Release|Any CPU
		{2F295F07-78CE-4A7B-8098-8E7A29572C8B}.Release|Windows-AnyCPU.ActiveCfg = Release|Any CPU
		{2F295F07-78CE-4A7B-8098-8E7A29572C8B}.Release|Windows-AnyCPU.Build.0 = Release|Any CPU
		{2F295F07-78CE-4A7B-8098-8E7A29572C8B}.Release|Windows-ARM.ActiveCfg = Release|Any CPU
		{2F295F07-78CE-4A7B-8098-8E7A29572C8B}.Release|Windows-ARM.Build.0 = Release|Any CPU
		{2F295F07-78CE-4A7B-8098-8E7A29572C8B}.Release|Windows-x64.ActiveCfg = Release|Any CPU
		{2F295F07-78CE-4A7B-8098-8E7A29572C8B}.Release|Windows-x64.Build.0 = Release|Any CPU
		{2F295F07-78CE-4A7B-8098-8E7A29572C8B}.Release|Windows-x86.ActiveCfg = Release|Any CPU
		{2F295F07-78CE-4A7B-8098-8E7A29572C8B}.Release|Windows-x86.Build.0 = Release|Any CPU
		{2F295F07-78CE-4A7B-8098-8E7A29572C8B}.Release|x64.ActiveCfg = Release|Any CPU
		{2F295F07-78CE-4A7B-8098-8E7A29572C8B}.Release|x64.Build.0 = Release|Any CPU
		{2F295F07-78CE-4A7B-8098-8E7A29572C8B}.Release|x86.ActiveCfg = Release|Any CPU
		{2F295F07-78CE-4A7B-8098-8E7A29572C8B}.Release|x86.Build.0 = Release|Any CPU
		{CFD79A2E-6880-40C1-BC02-FBD3DE527893}.Ad-Hoc|Android.ActiveCfg = Release|Any CPU
		{CFD79A2E-6880-40C1-BC02-FBD3DE527893}.Ad-Hoc|Android.Build.0 = Release|Any CPU
		{CFD79A2E-6880-40C1-BC02-FBD3DE527893}.Ad-Hoc|Any CPU.ActiveCfg = Release|Any CPU
		{CFD79A2E-6880-40C1-BC02-FBD3DE527893}.Ad-Hoc|Any CPU.Build.0 = Release|Any CPU
		{CFD79A2E-6880-40C1-BC02-FBD3DE527893}.Ad-Hoc|ARM.ActiveCfg = Release|Any CPU
		{CFD79A2E-6880-40C1-BC02-FBD3DE527893}.Ad-Hoc|ARM.Build.0 = Release|Any CPU
		{CFD79A2E-6880-40C1-BC02-FBD3DE527893}.Ad-Hoc|iOS.ActiveCfg = Release|Any CPU
		{CFD79A2E-6880-40C1-BC02-FBD3DE527893}.Ad-Hoc|iOS.Build.0 = Release|Any CPU
		{CFD79A2E-6880-40C1-BC02-FBD3DE527893}.Ad-Hoc|iPhone.ActiveCfg = Release|Any CPU
		{CFD79A2E-6880-40C1-BC02-FBD3DE527893}.Ad-Hoc|iPhone.Build.0 = Release|Any CPU
		{CFD79A2E-6880-40C1-BC02-FBD3DE527893}.Ad-Hoc|iPhoneSimulator.ActiveCfg = Release|Any CPU
		{CFD79A2E-6880-40C1-BC02-FBD3DE527893}.Ad-Hoc|iPhoneSimulator.Build.0 = Release|Any CPU
		{CFD79A2E-6880-40C1-BC02-FBD3DE527893}.Ad-Hoc|Windows Phone (Universal).ActiveCfg = Release|Any CPU
		{CFD79A2E-6880-40C1-BC02-FBD3DE527893}.Ad-Hoc|Windows Phone (Universal).Build.0 = Release|Any CPU
		{CFD79A2E-6880-40C1-BC02-FBD3DE527893}.Ad-Hoc|Windows Phone 8.ActiveCfg = Release|Any CPU
		{CFD79A2E-6880-40C1-BC02-FBD3DE527893}.Ad-Hoc|Windows Phone 8.Build.0 = Release|Any CPU
		{CFD79A2E-6880-40C1-BC02-FBD3DE527893}.Ad-Hoc|Windows-AnyCPU.ActiveCfg = Release|Any CPU
		{CFD79A2E-6880-40C1-BC02-FBD3DE527893}.Ad-Hoc|Windows-AnyCPU.Build.0 = Release|Any CPU
		{CFD79A2E-6880-40C1-BC02-FBD3DE527893}.Ad-Hoc|Windows-ARM.ActiveCfg = Release|Any CPU
		{CFD79A2E-6880-40C1-BC02-FBD3DE527893}.Ad-Hoc|Windows-ARM.Build.0 = Release|Any CPU
		{CFD79A2E-6880-40C1-BC02-FBD3DE527893}.Ad-Hoc|Windows-x64.ActiveCfg = Release|Any CPU
		{CFD79A2E-6880-40C1-BC02-FBD3DE527893}.Ad-Hoc|Windows-x64.Build.0 = Release|Any CPU
		{CFD79A2E-6880-40C1-BC02-FBD3DE527893}.Ad-Hoc|Windows-x86.ActiveCfg = Release|Any CPU
		{CFD79A2E-6880-40C1-BC02-FBD3DE527893}.Ad-Hoc|Windows-x86.Build.0 = Release|Any CPU
		{CFD79A2E-6880-40C1-BC02-FBD3DE527893}.Ad-Hoc|x64.ActiveCfg = Release|Any CPU
		{CFD79A2E-6880-40C1-BC02-FBD3DE527893}.Ad-Hoc|x64.Build.0 = Release|Any CPU
		{CFD79A2E-6880-40C1-BC02-FBD3DE527893}.Ad-Hoc|x86.ActiveCfg = Release|Any CPU
		{CFD79A2E-6880-40C1-BC02-FBD3DE527893}.Ad-Hoc|x86.Build.0 = Release|Any CPU
		{CFD79A2E-6880-40C1-BC02-FBD3DE527893}.AppStore|Android.ActiveCfg = Release|Any CPU
		{CFD79A2E-6880-40C1-BC02-FBD3DE527893}.AppStore|Android.Build.0 = Release|Any CPU
		{CFD79A2E-6880-40C1-BC02-FBD3DE527893}.AppStore|Any CPU.ActiveCfg = Release|Any CPU
		{CFD79A2E-6880-40C1-BC02-FBD3DE527893}.AppStore|Any CPU.Build.0 = Release|Any CPU
		{CFD79A2E-6880-40C1-BC02-FBD3DE527893}.AppStore|ARM.ActiveCfg = Release|Any CPU
		{CFD79A2E-6880-40C1-BC02-FBD3DE527893}.AppStore|ARM.Build.0 = Release|Any CPU
		{CFD79A2E-6880-40C1-BC02-FBD3DE527893}.AppStore|iOS.ActiveCfg = Release|Any CPU
		{CFD79A2E-6880-40C1-BC02-FBD3DE527893}.AppStore|iOS.Build.0 = Release|Any CPU
		{CFD79A2E-6880-40C1-BC02-FBD3DE527893}.AppStore|iPhone.ActiveCfg = Release|Any CPU
		{CFD79A2E-6880-40C1-BC02-FBD3DE527893}.AppStore|iPhone.Build.0 = Release|Any CPU
		{CFD79A2E-6880-40C1-BC02-FBD3DE527893}.AppStore|iPhoneSimulator.ActiveCfg = Release|Any CPU
		{CFD79A2E-6880-40C1-BC02-FBD3DE527893}.AppStore|iPhoneSimulator.Build.0 = Release|Any CPU
		{CFD79A2E-6880-40C1-BC02-FBD3DE527893}.AppStore|Windows Phone (Universal).ActiveCfg = Release|Any CPU
		{CFD79A2E-6880-40C1-BC02-FBD3DE527893}.AppStore|Windows Phone (Universal).Build.0 = Release|Any CPU
		{CFD79A2E-6880-40C1-BC02-FBD3DE527893}.AppStore|Windows Phone 8.ActiveCfg = Release|Any CPU
		{CFD79A2E-6880-40C1-BC02-FBD3DE527893}.AppStore|Windows Phone 8.Build.0 = Release|Any CPU
		{CFD79A2E-6880-40C1-BC02-FBD3DE527893}.AppStore|Windows-AnyCPU.ActiveCfg = Release|Any CPU
		{CFD79A2E-6880-40C1-BC02-FBD3DE527893}.AppStore|Windows-AnyCPU.Build.0 = Release|Any CPU
		{CFD79A2E-6880-40C1-BC02-FBD3DE527893}.AppStore|Windows-ARM.ActiveCfg = Release|Any CPU
		{CFD79A2E-6880-40C1-BC02-FBD3DE527893}.AppStore|Windows-ARM.Build.0 = Release|Any CPU
		{CFD79A2E-6880-40C1-BC02-FBD3DE527893}.AppStore|Windows-x64.ActiveCfg = Release|Any CPU
		{CFD79A2E-6880-40C1-BC02-FBD3DE527893}.AppStore|Windows-x64.Build.0 = Release|Any CPU
		{CFD79A2E-6880-40C1-BC02-FBD3DE527893}.AppStore|Windows-x86.ActiveCfg = Release|Any CPU
		{CFD79A2E-6880-40C1-BC02-FBD3DE527893}.AppStore|Windows-x86.Build.0 = Release|Any CPU
		{CFD79A2E-6880-40C1-BC02-FBD3DE527893}.AppStore|x64.ActiveCfg = Release|Any CPU
		{CFD79A2E-6880-40C1-BC02-FBD3DE527893}.AppStore|x64.Build.0 = Release|Any CPU
		{CFD79A2E-6880-40C1-BC02-FBD3DE527893}.AppStore|x86.ActiveCfg = Release|Any CPU
		{CFD79A2E-6880-40C1-BC02-FBD3DE527893}.AppStore|x86.Build.0 = Release|Any CPU
		{CFD79A2E-6880-40C1-BC02-FBD3DE527893}.Debug|Android.ActiveCfg = Debug|Any CPU
		{CFD79A2E-6880-40C1-BC02-FBD3DE527893}.Debug|Android.Build.0 = Debug|Any CPU
		{CFD79A2E-6880-40C1-BC02-FBD3DE527893}.Debug|Any CPU.ActiveCfg = Debug|Any CPU
		{CFD79A2E-6880-40C1-BC02-FBD3DE527893}.Debug|Any CPU.Build.0 = Debug|Any CPU
		{CFD79A2E-6880-40C1-BC02-FBD3DE527893}.Debug|ARM.ActiveCfg = Debug|Any CPU
		{CFD79A2E-6880-40C1-BC02-FBD3DE527893}.Debug|ARM.Build.0 = Debug|Any CPU
		{CFD79A2E-6880-40C1-BC02-FBD3DE527893}.Debug|iOS.ActiveCfg = Debug|Any CPU
		{CFD79A2E-6880-40C1-BC02-FBD3DE527893}.Debug|iOS.Build.0 = Debug|Any CPU
		{CFD79A2E-6880-40C1-BC02-FBD3DE527893}.Debug|iPhone.ActiveCfg = Debug|Any CPU
		{CFD79A2E-6880-40C1-BC02-FBD3DE527893}.Debug|iPhone.Build.0 = Debug|Any CPU
		{CFD79A2E-6880-40C1-BC02-FBD3DE527893}.Debug|iPhoneSimulator.ActiveCfg = Debug|Any CPU
		{CFD79A2E-6880-40C1-BC02-FBD3DE527893}.Debug|iPhoneSimulator.Build.0 = Debug|Any CPU
		{CFD79A2E-6880-40C1-BC02-FBD3DE527893}.Debug|Windows Phone (Universal).ActiveCfg = Debug|Any CPU
		{CFD79A2E-6880-40C1-BC02-FBD3DE527893}.Debug|Windows Phone (Universal).Build.0 = Debug|Any CPU
		{CFD79A2E-6880-40C1-BC02-FBD3DE527893}.Debug|Windows Phone 8.ActiveCfg = Debug|Any CPU
		{CFD79A2E-6880-40C1-BC02-FBD3DE527893}.Debug|Windows Phone 8.Build.0 = Debug|Any CPU
		{CFD79A2E-6880-40C1-BC02-FBD3DE527893}.Debug|Windows-AnyCPU.ActiveCfg = Debug|Any CPU
		{CFD79A2E-6880-40C1-BC02-FBD3DE527893}.Debug|Windows-AnyCPU.Build.0 = Debug|Any CPU
		{CFD79A2E-6880-40C1-BC02-FBD3DE527893}.Debug|Windows-ARM.ActiveCfg = Debug|Any CPU
		{CFD79A2E-6880-40C1-BC02-FBD3DE527893}.Debug|Windows-ARM.Build.0 = Debug|Any CPU
		{CFD79A2E-6880-40C1-BC02-FBD3DE527893}.Debug|Windows-x64.ActiveCfg = Debug|Any CPU
		{CFD79A2E-6880-40C1-BC02-FBD3DE527893}.Debug|Windows-x64.Build.0 = Debug|Any CPU
		{CFD79A2E-6880-40C1-BC02-FBD3DE527893}.Debug|Windows-x86.ActiveCfg = Debug|Any CPU
		{CFD79A2E-6880-40C1-BC02-FBD3DE527893}.Debug|Windows-x86.Build.0 = Debug|Any CPU
		{CFD79A2E-6880-40C1-BC02-FBD3DE527893}.Debug|x64.ActiveCfg = Debug|Any CPU
		{CFD79A2E-6880-40C1-BC02-FBD3DE527893}.Debug|x64.Build.0 = Debug|Any CPU
		{CFD79A2E-6880-40C1-BC02-FBD3DE527893}.Debug|x86.ActiveCfg = Debug|Any CPU
		{CFD79A2E-6880-40C1-BC02-FBD3DE527893}.Debug|x86.Build.0 = Debug|Any CPU
		{CFD79A2E-6880-40C1-BC02-FBD3DE527893}.Release|Android.ActiveCfg = Release|Any CPU
		{CFD79A2E-6880-40C1-BC02-FBD3DE527893}.Release|Android.Build.0 = Release|Any CPU
		{CFD79A2E-6880-40C1-BC02-FBD3DE527893}.Release|Any CPU.ActiveCfg = Release|Any CPU
		{CFD79A2E-6880-40C1-BC02-FBD3DE527893}.Release|Any CPU.Build.0 = Release|Any CPU
		{CFD79A2E-6880-40C1-BC02-FBD3DE527893}.Release|ARM.ActiveCfg = Release|Any CPU
		{CFD79A2E-6880-40C1-BC02-FBD3DE527893}.Release|ARM.Build.0 = Release|Any CPU
		{CFD79A2E-6880-40C1-BC02-FBD3DE527893}.Release|iOS.ActiveCfg = Release|Any CPU
		{CFD79A2E-6880-40C1-BC02-FBD3DE527893}.Release|iOS.Build.0 = Release|Any CPU
		{CFD79A2E-6880-40C1-BC02-FBD3DE527893}.Release|iPhone.ActiveCfg = Release|Any CPU
		{CFD79A2E-6880-40C1-BC02-FBD3DE527893}.Release|iPhone.Build.0 = Release|Any CPU
		{CFD79A2E-6880-40C1-BC02-FBD3DE527893}.Release|iPhoneSimulator.ActiveCfg = Release|Any CPU
		{CFD79A2E-6880-40C1-BC02-FBD3DE527893}.Release|iPhoneSimulator.Build.0 = Release|Any CPU
		{CFD79A2E-6880-40C1-BC02-FBD3DE527893}.Release|Windows Phone (Universal).ActiveCfg = Release|Any CPU
		{CFD79A2E-6880-40C1-BC02-FBD3DE527893}.Release|Windows Phone (Universal).Build.0 = Release|Any CPU
		{CFD79A2E-6880-40C1-BC02-FBD3DE527893}.Release|Windows Phone 8.ActiveCfg = Release|Any CPU
		{CFD79A2E-6880-40C1-BC02-FBD3DE527893}.Release|Windows Phone 8.Build.0 = Release|Any CPU
		{CFD79A2E-6880-40C1-BC02-FBD3DE527893}.Release|Windows-AnyCPU.ActiveCfg = Release|Any CPU
		{CFD79A2E-6880-40C1-BC02-FBD3DE527893}.Release|Windows-AnyCPU.Build.0 = Release|Any CPU
		{CFD79A2E-6880-40C1-BC02-FBD3DE527893}.Release|Windows-ARM.ActiveCfg = Release|Any CPU
		{CFD79A2E-6880-40C1-BC02-FBD3DE527893}.Release|Windows-ARM.Build.0 = Release|Any CPU
		{CFD79A2E-6880-40C1-BC02-FBD3DE527893}.Release|Windows-x64.ActiveCfg = Release|Any CPU
		{CFD79A2E-6880-40C1-BC02-FBD3DE527893}.Release|Windows-x64.Build.0 = Release|Any CPU
		{CFD79A2E-6880-40C1-BC02-FBD3DE527893}.Release|Windows-x86.ActiveCfg = Release|Any CPU
		{CFD79A2E-6880-40C1-BC02-FBD3DE527893}.Release|Windows-x86.Build.0 = Release|Any CPU
		{CFD79A2E-6880-40C1-BC02-FBD3DE527893}.Release|x64.ActiveCfg = Release|Any CPU
		{CFD79A2E-6880-40C1-BC02-FBD3DE527893}.Release|x64.Build.0 = Release|Any CPU
		{CFD79A2E-6880-40C1-BC02-FBD3DE527893}.Release|x86.ActiveCfg = Release|Any CPU
		{CFD79A2E-6880-40C1-BC02-FBD3DE527893}.Release|x86.Build.0 = Release|Any CPU
		{D76D6EE8-5039-4352-A455-F7866B1EBFAD}.Ad-Hoc|Android.ActiveCfg = Release|Any CPU
		{D76D6EE8-5039-4352-A455-F7866B1EBFAD}.Ad-Hoc|Android.Build.0 = Release|Any CPU
		{D76D6EE8-5039-4352-A455-F7866B1EBFAD}.Ad-Hoc|Any CPU.ActiveCfg = Release|Any CPU
		{D76D6EE8-5039-4352-A455-F7866B1EBFAD}.Ad-Hoc|Any CPU.Build.0 = Release|Any CPU
		{D76D6EE8-5039-4352-A455-F7866B1EBFAD}.Ad-Hoc|ARM.ActiveCfg = Release|Any CPU
		{D76D6EE8-5039-4352-A455-F7866B1EBFAD}.Ad-Hoc|ARM.Build.0 = Release|Any CPU
		{D76D6EE8-5039-4352-A455-F7866B1EBFAD}.Ad-Hoc|iOS.ActiveCfg = Release|Any CPU
		{D76D6EE8-5039-4352-A455-F7866B1EBFAD}.Ad-Hoc|iOS.Build.0 = Release|Any CPU
		{D76D6EE8-5039-4352-A455-F7866B1EBFAD}.Ad-Hoc|iPhone.ActiveCfg = Release|Any CPU
		{D76D6EE8-5039-4352-A455-F7866B1EBFAD}.Ad-Hoc|iPhone.Build.0 = Release|Any CPU
		{D76D6EE8-5039-4352-A455-F7866B1EBFAD}.Ad-Hoc|iPhoneSimulator.ActiveCfg = Release|Any CPU
		{D76D6EE8-5039-4352-A455-F7866B1EBFAD}.Ad-Hoc|iPhoneSimulator.Build.0 = Release|Any CPU
		{D76D6EE8-5039-4352-A455-F7866B1EBFAD}.Ad-Hoc|Windows Phone (Universal).ActiveCfg = Release|Any CPU
		{D76D6EE8-5039-4352-A455-F7866B1EBFAD}.Ad-Hoc|Windows Phone (Universal).Build.0 = Release|Any CPU
		{D76D6EE8-5039-4352-A455-F7866B1EBFAD}.Ad-Hoc|Windows Phone 8.ActiveCfg = Release|Any CPU
		{D76D6EE8-5039-4352-A455-F7866B1EBFAD}.Ad-Hoc|Windows Phone 8.Build.0 = Release|Any CPU
		{D76D6EE8-5039-4352-A455-F7866B1EBFAD}.Ad-Hoc|Windows-AnyCPU.ActiveCfg = Release|Any CPU
		{D76D6EE8-5039-4352-A455-F7866B1EBFAD}.Ad-Hoc|Windows-AnyCPU.Build.0 = Release|Any CPU
		{D76D6EE8-5039-4352-A455-F7866B1EBFAD}.Ad-Hoc|Windows-ARM.ActiveCfg = Release|Any CPU
		{D76D6EE8-5039-4352-A455-F7866B1EBFAD}.Ad-Hoc|Windows-ARM.Build.0 = Release|Any CPU
		{D76D6EE8-5039-4352-A455-F7866B1EBFAD}.Ad-Hoc|Windows-x64.ActiveCfg = Release|Any CPU
		{D76D6EE8-5039-4352-A455-F7866B1EBFAD}.Ad-Hoc|Windows-x64.Build.0 = Release|Any CPU
		{D76D6EE8-5039-4352-A455-F7866B1EBFAD}.Ad-Hoc|Windows-x86.ActiveCfg = Release|Any CPU
		{D76D6EE8-5039-4352-A455-F7866B1EBFAD}.Ad-Hoc|Windows-x86.Build.0 = Release|Any CPU
		{D76D6EE8-5039-4352-A455-F7866B1EBFAD}.Ad-Hoc|x64.ActiveCfg = Release|Any CPU
		{D76D6EE8-5039-4352-A455-F7866B1EBFAD}.Ad-Hoc|x64.Build.0 = Release|Any CPU
		{D76D6EE8-5039-4352-A455-F7866B1EBFAD}.Ad-Hoc|x86.ActiveCfg = Release|Any CPU
		{D76D6EE8-5039-4352-A455-F7866B1EBFAD}.Ad-Hoc|x86.Build.0 = Release|Any CPU
		{D76D6EE8-5039-4352-A455-F7866B1EBFAD}.AppStore|Android.ActiveCfg = Release|Any CPU
		{D76D6EE8-5039-4352-A455-F7866B1EBFAD}.AppStore|Android.Build.0 = Release|Any CPU
		{D76D6EE8-5039-4352-A455-F7866B1EBFAD}.AppStore|Any CPU.ActiveCfg = Release|Any CPU
		{D76D6EE8-5039-4352-A455-F7866B1EBFAD}.AppStore|Any CPU.Build.0 = Release|Any CPU
		{D76D6EE8-5039-4352-A455-F7866B1EBFAD}.AppStore|ARM.ActiveCfg = Release|Any CPU
		{D76D6EE8-5039-4352-A455-F7866B1EBFAD}.AppStore|ARM.Build.0 = Release|Any CPU
		{D76D6EE8-5039-4352-A455-F7866B1EBFAD}.AppStore|iOS.ActiveCfg = Release|Any CPU
		{D76D6EE8-5039-4352-A455-F7866B1EBFAD}.AppStore|iOS.Build.0 = Release|Any CPU
		{D76D6EE8-5039-4352-A455-F7866B1EBFAD}.AppStore|iPhone.ActiveCfg = Release|Any CPU
		{D76D6EE8-5039-4352-A455-F7866B1EBFAD}.AppStore|iPhone.Build.0 = Release|Any CPU
		{D76D6EE8-5039-4352-A455-F7866B1EBFAD}.AppStore|iPhoneSimulator.ActiveCfg = Release|Any CPU
		{D76D6EE8-5039-4352-A455-F7866B1EBFAD}.AppStore|iPhoneSimulator.Build.0 = Release|Any CPU
		{D76D6EE8-5039-4352-A455-F7866B1EBFAD}.AppStore|Windows Phone (Universal).ActiveCfg = Release|Any CPU
		{D76D6EE8-5039-4352-A455-F7866B1EBFAD}.AppStore|Windows Phone (Universal).Build.0 = Release|Any CPU
		{D76D6EE8-5039-4352-A455-F7866B1EBFAD}.AppStore|Windows Phone 8.ActiveCfg = Release|Any CPU
		{D76D6EE8-5039-4352-A455-F7866B1EBFAD}.AppStore|Windows Phone 8.Build.0 = Release|Any CPU
		{D76D6EE8-5039-4352-A455-F7866B1EBFAD}.AppStore|Windows-AnyCPU.ActiveCfg = Release|Any CPU
		{D76D6EE8-5039-4352-A455-F7866B1EBFAD}.AppStore|Windows-AnyCPU.Build.0 = Release|Any CPU
		{D76D6EE8-5039-4352-A455-F7866B1EBFAD}.AppStore|Windows-ARM.ActiveCfg = Release|Any CPU
		{D76D6EE8-5039-4352-A455-F7866B1EBFAD}.AppStore|Windows-ARM.Build.0 = Release|Any CPU
		{D76D6EE8-5039-4352-A455-F7866B1EBFAD}.AppStore|Windows-x64.ActiveCfg = Release|Any CPU
		{D76D6EE8-5039-4352-A455-F7866B1EBFAD}.AppStore|Windows-x64.Build.0 = Release|Any CPU
		{D76D6EE8-5039-4352-A455-F7866B1EBFAD}.AppStore|Windows-x86.ActiveCfg = Release|Any CPU
		{D76D6EE8-5039-4352-A455-F7866B1EBFAD}.AppStore|Windows-x86.Build.0 = Release|Any CPU
		{D76D6EE8-5039-4352-A455-F7866B1EBFAD}.AppStore|x64.ActiveCfg = Release|Any CPU
		{D76D6EE8-5039-4352-A455-F7866B1EBFAD}.AppStore|x64.Build.0 = Release|Any CPU
		{D76D6EE8-5039-4352-A455-F7866B1EBFAD}.AppStore|x86.ActiveCfg = Release|Any CPU
		{D76D6EE8-5039-4352-A455-F7866B1EBFAD}.AppStore|x86.Build.0 = Release|Any CPU
		{D76D6EE8-5039-4352-A455-F7866B1EBFAD}.Debug|Android.ActiveCfg = Debug|Any CPU
		{D76D6EE8-5039-4352-A455-F7866B1EBFAD}.Debug|Android.Build.0 = Debug|Any CPU
		{D76D6EE8-5039-4352-A455-F7866B1EBFAD}.Debug|Any CPU.ActiveCfg = Debug|Any CPU
		{D76D6EE8-5039-4352-A455-F7866B1EBFAD}.Debug|Any CPU.Build.0 = Debug|Any CPU
		{D76D6EE8-5039-4352-A455-F7866B1EBFAD}.Debug|ARM.ActiveCfg = Debug|Any CPU
		{D76D6EE8-5039-4352-A455-F7866B1EBFAD}.Debug|ARM.Build.0 = Debug|Any CPU
		{D76D6EE8-5039-4352-A455-F7866B1EBFAD}.Debug|iOS.ActiveCfg = Debug|Any CPU
		{D76D6EE8-5039-4352-A455-F7866B1EBFAD}.Debug|iOS.Build.0 = Debug|Any CPU
		{D76D6EE8-5039-4352-A455-F7866B1EBFAD}.Debug|iPhone.ActiveCfg = Debug|Any CPU
		{D76D6EE8-5039-4352-A455-F7866B1EBFAD}.Debug|iPhone.Build.0 = Debug|Any CPU
		{D76D6EE8-5039-4352-A455-F7866B1EBFAD}.Debug|iPhoneSimulator.ActiveCfg = Debug|Any CPU
		{D76D6EE8-5039-4352-A455-F7866B1EBFAD}.Debug|iPhoneSimulator.Build.0 = Debug|Any CPU
		{D76D6EE8-5039-4352-A455-F7866B1EBFAD}.Debug|Windows Phone (Universal).ActiveCfg = Debug|Any CPU
		{D76D6EE8-5039-4352-A455-F7866B1EBFAD}.Debug|Windows Phone (Universal).Build.0 = Debug|Any CPU
		{D76D6EE8-5039-4352-A455-F7866B1EBFAD}.Debug|Windows Phone 8.ActiveCfg = Debug|Any CPU
		{D76D6EE8-5039-4352-A455-F7866B1EBFAD}.Debug|Windows Phone 8.Build.0 = Debug|Any CPU
		{D76D6EE8-5039-4352-A455-F7866B1EBFAD}.Debug|Windows-AnyCPU.ActiveCfg = Debug|Any CPU
		{D76D6EE8-5039-4352-A455-F7866B1EBFAD}.Debug|Windows-AnyCPU.Build.0 = Debug|Any CPU
		{D76D6EE8-5039-4352-A455-F7866B1EBFAD}.Debug|Windows-ARM.ActiveCfg = Debug|Any CPU
		{D76D6EE8-5039-4352-A455-F7866B1EBFAD}.Debug|Windows-ARM.Build.0 = Debug|Any CPU
		{D76D6EE8-5039-4352-A455-F7866B1EBFAD}.Debug|Windows-x64.ActiveCfg = Debug|Any CPU
		{D76D6EE8-5039-4352-A455-F7866B1EBFAD}.Debug|Windows-x64.Build.0 = Debug|Any CPU
		{D76D6EE8-5039-4352-A455-F7866B1EBFAD}.Debug|Windows-x86.ActiveCfg = Debug|Any CPU
		{D76D6EE8-5039-4352-A455-F7866B1EBFAD}.Debug|Windows-x86.Build.0 = Debug|Any CPU
		{D76D6EE8-5039-4352-A455-F7866B1EBFAD}.Debug|x64.ActiveCfg = Debug|Any CPU
		{D76D6EE8-5039-4352-A455-F7866B1EBFAD}.Debug|x64.Build.0 = Debug|Any CPU
		{D76D6EE8-5039-4352-A455-F7866B1EBFAD}.Debug|x86.ActiveCfg = Debug|Any CPU
		{D76D6EE8-5039-4352-A455-F7866B1EBFAD}.Debug|x86.Build.0 = Debug|Any CPU
		{D76D6EE8-5039-4352-A455-F7866B1EBFAD}.Release|Android.ActiveCfg = Release|Any CPU
		{D76D6EE8-5039-4352-A455-F7866B1EBFAD}.Release|Android.Build.0 = Release|Any CPU
		{D76D6EE8-5039-4352-A455-F7866B1EBFAD}.Release|Any CPU.ActiveCfg = Release|Any CPU
		{D76D6EE8-5039-4352-A455-F7866B1EBFAD}.Release|Any CPU.Build.0 = Release|Any CPU
		{D76D6EE8-5039-4352-A455-F7866B1EBFAD}.Release|ARM.ActiveCfg = Release|Any CPU
		{D76D6EE8-5039-4352-A455-F7866B1EBFAD}.Release|ARM.Build.0 = Release|Any CPU
		{D76D6EE8-5039-4352-A455-F7866B1EBFAD}.Release|iOS.ActiveCfg = Release|Any CPU
		{D76D6EE8-5039-4352-A455-F7866B1EBFAD}.Release|iOS.Build.0 = Release|Any CPU
		{D76D6EE8-5039-4352-A455-F7866B1EBFAD}.Release|iPhone.ActiveCfg = Release|Any CPU
		{D76D6EE8-5039-4352-A455-F7866B1EBFAD}.Release|iPhone.Build.0 = Release|Any CPU
		{D76D6EE8-5039-4352-A455-F7866B1EBFAD}.Release|iPhoneSimulator.ActiveCfg = Release|Any CPU
		{D76D6EE8-5039-4352-A455-F7866B1EBFAD}.Release|iPhoneSimulator.Build.0 = Release|Any CPU
		{D76D6EE8-5039-4352-A455-F7866B1EBFAD}.Release|Windows Phone (Universal).ActiveCfg = Release|Any CPU
		{D76D6EE8-5039-4352-A455-F7866B1EBFAD}.Release|Windows Phone (Universal).Build.0 = Release|Any CPU
		{D76D6EE8-5039-4352-A455-F7866B1EBFAD}.Release|Windows Phone 8.ActiveCfg = Release|Any CPU
		{D76D6EE8-5039-4352-A455-F7866B1EBFAD}.Release|Windows Phone 8.Build.0 = Release|Any CPU
		{D76D6EE8-5039-4352-A455-F7866B1EBFAD}.Release|Windows-AnyCPU.ActiveCfg = Release|Any CPU
		{D76D6EE8-5039-4352-A455-F7866B1EBFAD}.Release|Windows-AnyCPU.Build.0 = Release|Any CPU
		{D76D6EE8-5039-4352-A455-F7866B1EBFAD}.Release|Windows-ARM.ActiveCfg = Release|Any CPU
		{D76D6EE8-5039-4352-A455-F7866B1EBFAD}.Release|Windows-ARM.Build.0 = Release|Any CPU
		{D76D6EE8-5039-4352-A455-F7866B1EBFAD}.Release|Windows-x64.ActiveCfg = Release|Any CPU
		{D76D6EE8-5039-4352-A455-F7866B1EBFAD}.Release|Windows-x64.Build.0 = Release|Any CPU
		{D76D6EE8-5039-4352-A455-F7866B1EBFAD}.Release|Windows-x86.ActiveCfg = Release|Any CPU
		{D76D6EE8-5039-4352-A455-F7866B1EBFAD}.Release|Windows-x86.Build.0 = Release|Any CPU
		{D76D6EE8-5039-4352-A455-F7866B1EBFAD}.Release|x64.ActiveCfg = Release|Any CPU
		{D76D6EE8-5039-4352-A455-F7866B1EBFAD}.Release|x64.Build.0 = Release|Any CPU
		{D76D6EE8-5039-4352-A455-F7866B1EBFAD}.Release|x86.ActiveCfg = Release|Any CPU
		{D76D6EE8-5039-4352-A455-F7866B1EBFAD}.Release|x86.Build.0 = Release|Any CPU
		{2B6A8415-6D6C-4D8C-9951-96035BCD9A75}.Ad-Hoc|Android.ActiveCfg = Release|Any CPU
		{2B6A8415-6D6C-4D8C-9951-96035BCD9A75}.Ad-Hoc|Android.Build.0 = Release|Any CPU
		{2B6A8415-6D6C-4D8C-9951-96035BCD9A75}.Ad-Hoc|Any CPU.ActiveCfg = Release|Any CPU
		{2B6A8415-6D6C-4D8C-9951-96035BCD9A75}.Ad-Hoc|Any CPU.Build.0 = Release|Any CPU
		{2B6A8415-6D6C-4D8C-9951-96035BCD9A75}.Ad-Hoc|ARM.ActiveCfg = Release|Any CPU
		{2B6A8415-6D6C-4D8C-9951-96035BCD9A75}.Ad-Hoc|ARM.Build.0 = Release|Any CPU
		{2B6A8415-6D6C-4D8C-9951-96035BCD9A75}.Ad-Hoc|iOS.ActiveCfg = Release|Any CPU
		{2B6A8415-6D6C-4D8C-9951-96035BCD9A75}.Ad-Hoc|iOS.Build.0 = Release|Any CPU
		{2B6A8415-6D6C-4D8C-9951-96035BCD9A75}.Ad-Hoc|iPhone.ActiveCfg = Release|Any CPU
		{2B6A8415-6D6C-4D8C-9951-96035BCD9A75}.Ad-Hoc|iPhone.Build.0 = Release|Any CPU
		{2B6A8415-6D6C-4D8C-9951-96035BCD9A75}.Ad-Hoc|iPhoneSimulator.ActiveCfg = Release|Any CPU
		{2B6A8415-6D6C-4D8C-9951-96035BCD9A75}.Ad-Hoc|iPhoneSimulator.Build.0 = Release|Any CPU
		{2B6A8415-6D6C-4D8C-9951-96035BCD9A75}.Ad-Hoc|Windows Phone (Universal).ActiveCfg = Release|Any CPU
		{2B6A8415-6D6C-4D8C-9951-96035BCD9A75}.Ad-Hoc|Windows Phone (Universal).Build.0 = Release|Any CPU
		{2B6A8415-6D6C-4D8C-9951-96035BCD9A75}.Ad-Hoc|Windows Phone 8.ActiveCfg = Release|Any CPU
		{2B6A8415-6D6C-4D8C-9951-96035BCD9A75}.Ad-Hoc|Windows Phone 8.Build.0 = Release|Any CPU
		{2B6A8415-6D6C-4D8C-9951-96035BCD9A75}.Ad-Hoc|Windows-AnyCPU.ActiveCfg = Release|Any CPU
		{2B6A8415-6D6C-4D8C-9951-96035BCD9A75}.Ad-Hoc|Windows-AnyCPU.Build.0 = Release|Any CPU
		{2B6A8415-6D6C-4D8C-9951-96035BCD9A75}.Ad-Hoc|Windows-ARM.ActiveCfg = Release|Any CPU
		{2B6A8415-6D6C-4D8C-9951-96035BCD9A75}.Ad-Hoc|Windows-ARM.Build.0 = Release|Any CPU
		{2B6A8415-6D6C-4D8C-9951-96035BCD9A75}.Ad-Hoc|Windows-x64.ActiveCfg = Release|Any CPU
		{2B6A8415-6D6C-4D8C-9951-96035BCD9A75}.Ad-Hoc|Windows-x64.Build.0 = Release|Any CPU
		{2B6A8415-6D6C-4D8C-9951-96035BCD9A75}.Ad-Hoc|Windows-x86.ActiveCfg = Release|Any CPU
		{2B6A8415-6D6C-4D8C-9951-96035BCD9A75}.Ad-Hoc|Windows-x86.Build.0 = Release|Any CPU
		{2B6A8415-6D6C-4D8C-9951-96035BCD9A75}.Ad-Hoc|x64.ActiveCfg = Release|Any CPU
		{2B6A8415-6D6C-4D8C-9951-96035BCD9A75}.Ad-Hoc|x64.Build.0 = Release|Any CPU
		{2B6A8415-6D6C-4D8C-9951-96035BCD9A75}.Ad-Hoc|x86.ActiveCfg = Release|Any CPU
		{2B6A8415-6D6C-4D8C-9951-96035BCD9A75}.Ad-Hoc|x86.Build.0 = Release|Any CPU
		{2B6A8415-6D6C-4D8C-9951-96035BCD9A75}.AppStore|Android.ActiveCfg = Release|Any CPU
		{2B6A8415-6D6C-4D8C-9951-96035BCD9A75}.AppStore|Android.Build.0 = Release|Any CPU
		{2B6A8415-6D6C-4D8C-9951-96035BCD9A75}.AppStore|Any CPU.ActiveCfg = Release|Any CPU
		{2B6A8415-6D6C-4D8C-9951-96035BCD9A75}.AppStore|Any CPU.Build.0 = Release|Any CPU
		{2B6A8415-6D6C-4D8C-9951-96035BCD9A75}.AppStore|ARM.ActiveCfg = Release|Any CPU
		{2B6A8415-6D6C-4D8C-9951-96035BCD9A75}.AppStore|ARM.Build.0 = Release|Any CPU
		{2B6A8415-6D6C-4D8C-9951-96035BCD9A75}.AppStore|iOS.ActiveCfg = Release|Any CPU
		{2B6A8415-6D6C-4D8C-9951-96035BCD9A75}.AppStore|iOS.Build.0 = Release|Any CPU
		{2B6A8415-6D6C-4D8C-9951-96035BCD9A75}.AppStore|iPhone.ActiveCfg = Release|Any CPU
		{2B6A8415-6D6C-4D8C-9951-96035BCD9A75}.AppStore|iPhone.Build.0 = Release|Any CPU
		{2B6A8415-6D6C-4D8C-9951-96035BCD9A75}.AppStore|iPhoneSimulator.ActiveCfg = Release|Any CPU
		{2B6A8415-6D6C-4D8C-9951-96035BCD9A75}.AppStore|iPhoneSimulator.Build.0 = Release|Any CPU
		{2B6A8415-6D6C-4D8C-9951-96035BCD9A75}.AppStore|Windows Phone (Universal).ActiveCfg = Release|Any CPU
		{2B6A8415-6D6C-4D8C-9951-96035BCD9A75}.AppStore|Windows Phone (Universal).Build.0 = Release|Any CPU
		{2B6A8415-6D6C-4D8C-9951-96035BCD9A75}.AppStore|Windows Phone 8.ActiveCfg = Release|Any CPU
		{2B6A8415-6D6C-4D8C-9951-96035BCD9A75}.AppStore|Windows Phone 8.Build.0 = Release|Any CPU
		{2B6A8415-6D6C-4D8C-9951-96035BCD9A75}.AppStore|Windows-AnyCPU.ActiveCfg = Release|Any CPU
		{2B6A8415-6D6C-4D8C-9951-96035BCD9A75}.AppStore|Windows-AnyCPU.Build.0 = Release|Any CPU
		{2B6A8415-6D6C-4D8C-9951-96035BCD9A75}.AppStore|Windows-ARM.ActiveCfg = Release|Any CPU
		{2B6A8415-6D6C-4D8C-9951-96035BCD9A75}.AppStore|Windows-ARM.Build.0 = Release|Any CPU
		{2B6A8415-6D6C-4D8C-9951-96035BCD9A75}.AppStore|Windows-x64.ActiveCfg = Release|Any CPU
		{2B6A8415-6D6C-4D8C-9951-96035BCD9A75}.AppStore|Windows-x64.Build.0 = Release|Any CPU
		{2B6A8415-6D6C-4D8C-9951-96035BCD9A75}.AppStore|Windows-x86.ActiveCfg = Release|Any CPU
		{2B6A8415-6D6C-4D8C-9951-96035BCD9A75}.AppStore|Windows-x86.Build.0 = Release|Any CPU
		{2B6A8415-6D6C-4D8C-9951-96035BCD9A75}.AppStore|x64.ActiveCfg = Release|Any CPU
		{2B6A8415-6D6C-4D8C-9951-96035BCD9A75}.AppStore|x64.Build.0 = Release|Any CPU
		{2B6A8415-6D6C-4D8C-9951-96035BCD9A75}.AppStore|x86.ActiveCfg = Release|Any CPU
		{2B6A8415-6D6C-4D8C-9951-96035BCD9A75}.AppStore|x86.Build.0 = Release|Any CPU
		{2B6A8415-6D6C-4D8C-9951-96035BCD9A75}.Debug|Android.ActiveCfg = Debug|Any CPU
		{2B6A8415-6D6C-4D8C-9951-96035BCD9A75}.Debug|Android.Build.0 = Debug|Any CPU
		{2B6A8415-6D6C-4D8C-9951-96035BCD9A75}.Debug|Any CPU.ActiveCfg = Debug|Any CPU
		{2B6A8415-6D6C-4D8C-9951-96035BCD9A75}.Debug|Any CPU.Build.0 = Debug|Any CPU
		{2B6A8415-6D6C-4D8C-9951-96035BCD9A75}.Debug|ARM.ActiveCfg = Debug|Any CPU
		{2B6A8415-6D6C-4D8C-9951-96035BCD9A75}.Debug|ARM.Build.0 = Debug|Any CPU
		{2B6A8415-6D6C-4D8C-9951-96035BCD9A75}.Debug|iOS.ActiveCfg = Debug|Any CPU
		{2B6A8415-6D6C-4D8C-9951-96035BCD9A75}.Debug|iOS.Build.0 = Debug|Any CPU
		{2B6A8415-6D6C-4D8C-9951-96035BCD9A75}.Debug|iPhone.ActiveCfg = Debug|Any CPU
		{2B6A8415-6D6C-4D8C-9951-96035BCD9A75}.Debug|iPhone.Build.0 = Debug|Any CPU
		{2B6A8415-6D6C-4D8C-9951-96035BCD9A75}.Debug|iPhoneSimulator.ActiveCfg = Debug|Any CPU
		{2B6A8415-6D6C-4D8C-9951-96035BCD9A75}.Debug|iPhoneSimulator.Build.0 = Debug|Any CPU
		{2B6A8415-6D6C-4D8C-9951-96035BCD9A75}.Debug|Windows Phone (Universal).ActiveCfg = Debug|Any CPU
		{2B6A8415-6D6C-4D8C-9951-96035BCD9A75}.Debug|Windows Phone (Universal).Build.0 = Debug|Any CPU
		{2B6A8415-6D6C-4D8C-9951-96035BCD9A75}.Debug|Windows Phone 8.ActiveCfg = Debug|Any CPU
		{2B6A8415-6D6C-4D8C-9951-96035BCD9A75}.Debug|Windows Phone 8.Build.0 = Debug|Any CPU
		{2B6A8415-6D6C-4D8C-9951-96035BCD9A75}.Debug|Windows-AnyCPU.ActiveCfg = Debug|Any CPU
		{2B6A8415-6D6C-4D8C-9951-96035BCD9A75}.Debug|Windows-AnyCPU.Build.0 = Debug|Any CPU
		{2B6A8415-6D6C-4D8C-9951-96035BCD9A75}.Debug|Windows-ARM.ActiveCfg = Debug|Any CPU
		{2B6A8415-6D6C-4D8C-9951-96035BCD9A75}.Debug|Windows-ARM.Build.0 = Debug|Any CPU
		{2B6A8415-6D6C-4D8C-9951-96035BCD9A75}.Debug|Windows-x64.ActiveCfg = Debug|Any CPU
		{2B6A8415-6D6C-4D8C-9951-96035BCD9A75}.Debug|Windows-x64.Build.0 = Debug|Any CPU
		{2B6A8415-6D6C-4D8C-9951-96035BCD9A75}.Debug|Windows-x86.ActiveCfg = Debug|Any CPU
		{2B6A8415-6D6C-4D8C-9951-96035BCD9A75}.Debug|Windows-x86.Build.0 = Debug|Any CPU
		{2B6A8415-6D6C-4D8C-9951-96035BCD9A75}.Debug|x64.ActiveCfg = Debug|Any CPU
		{2B6A8415-6D6C-4D8C-9951-96035BCD9A75}.Debug|x64.Build.0 = Debug|Any CPU
		{2B6A8415-6D6C-4D8C-9951-96035BCD9A75}.Debug|x86.ActiveCfg = Debug|Any CPU
		{2B6A8415-6D6C-4D8C-9951-96035BCD9A75}.Debug|x86.Build.0 = Debug|Any CPU
		{2B6A8415-6D6C-4D8C-9951-96035BCD9A75}.Release|Android.ActiveCfg = Release|Any CPU
		{2B6A8415-6D6C-4D8C-9951-96035BCD9A75}.Release|Android.Build.0 = Release|Any CPU
		{2B6A8415-6D6C-4D8C-9951-96035BCD9A75}.Release|Any CPU.ActiveCfg = Release|Any CPU
		{2B6A8415-6D6C-4D8C-9951-96035BCD9A75}.Release|Any CPU.Build.0 = Release|Any CPU
		{2B6A8415-6D6C-4D8C-9951-96035BCD9A75}.Release|ARM.ActiveCfg = Release|Any CPU
		{2B6A8415-6D6C-4D8C-9951-96035BCD9A75}.Release|ARM.Build.0 = Release|Any CPU
		{2B6A8415-6D6C-4D8C-9951-96035BCD9A75}.Release|iOS.ActiveCfg = Release|Any CPU
		{2B6A8415-6D6C-4D8C-9951-96035BCD9A75}.Release|iOS.Build.0 = Release|Any CPU
		{2B6A8415-6D6C-4D8C-9951-96035BCD9A75}.Release|iPhone.ActiveCfg = Release|Any CPU
		{2B6A8415-6D6C-4D8C-9951-96035BCD9A75}.Release|iPhone.Build.0 = Release|Any CPU
		{2B6A8415-6D6C-4D8C-9951-96035BCD9A75}.Release|iPhoneSimulator.ActiveCfg = Release|Any CPU
		{2B6A8415-6D6C-4D8C-9951-96035BCD9A75}.Release|iPhoneSimulator.Build.0 = Release|Any CPU
		{2B6A8415-6D6C-4D8C-9951-96035BCD9A75}.Release|Windows Phone (Universal).ActiveCfg = Release|Any CPU
		{2B6A8415-6D6C-4D8C-9951-96035BCD9A75}.Release|Windows Phone (Universal).Build.0 = Release|Any CPU
		{2B6A8415-6D6C-4D8C-9951-96035BCD9A75}.Release|Windows Phone 8.ActiveCfg = Release|Any CPU
		{2B6A8415-6D6C-4D8C-9951-96035BCD9A75}.Release|Windows Phone 8.Build.0 = Release|Any CPU
		{2B6A8415-6D6C-4D8C-9951-96035BCD9A75}.Release|Windows-AnyCPU.ActiveCfg = Release|Any CPU
		{2B6A8415-6D6C-4D8C-9951-96035BCD9A75}.Release|Windows-AnyCPU.Build.0 = Release|Any CPU
		{2B6A8415-6D6C-4D8C-9951-96035BCD9A75}.Release|Windows-ARM.ActiveCfg = Release|Any CPU
		{2B6A8415-6D6C-4D8C-9951-96035BCD9A75}.Release|Windows-ARM.Build.0 = Release|Any CPU
		{2B6A8415-6D6C-4D8C-9951-96035BCD9A75}.Release|Windows-x64.ActiveCfg = Release|Any CPU
		{2B6A8415-6D6C-4D8C-9951-96035BCD9A75}.Release|Windows-x64.Build.0 = Release|Any CPU
		{2B6A8415-6D6C-4D8C-9951-96035BCD9A75}.Release|Windows-x86.ActiveCfg = Release|Any CPU
		{2B6A8415-6D6C-4D8C-9951-96035BCD9A75}.Release|Windows-x86.Build.0 = Release|Any CPU
		{2B6A8415-6D6C-4D8C-9951-96035BCD9A75}.Release|x64.ActiveCfg = Release|Any CPU
		{2B6A8415-6D6C-4D8C-9951-96035BCD9A75}.Release|x64.Build.0 = Release|Any CPU
		{2B6A8415-6D6C-4D8C-9951-96035BCD9A75}.Release|x86.ActiveCfg = Release|Any CPU
		{2B6A8415-6D6C-4D8C-9951-96035BCD9A75}.Release|x86.Build.0 = Release|Any CPU
		{B902FCE5-CE06-4E90-861B-957ADA1F42E3}.Ad-Hoc|Android.ActiveCfg = Release|Any CPU
		{B902FCE5-CE06-4E90-861B-957ADA1F42E3}.Ad-Hoc|Android.Build.0 = Release|Any CPU
		{B902FCE5-CE06-4E90-861B-957ADA1F42E3}.Ad-Hoc|Any CPU.ActiveCfg = Release|Any CPU
		{B902FCE5-CE06-4E90-861B-957ADA1F42E3}.Ad-Hoc|Any CPU.Build.0 = Release|Any CPU
		{B902FCE5-CE06-4E90-861B-957ADA1F42E3}.Ad-Hoc|ARM.ActiveCfg = Release|Any CPU
		{B902FCE5-CE06-4E90-861B-957ADA1F42E3}.Ad-Hoc|ARM.Build.0 = Release|Any CPU
		{B902FCE5-CE06-4E90-861B-957ADA1F42E3}.Ad-Hoc|iOS.ActiveCfg = Release|Any CPU
		{B902FCE5-CE06-4E90-861B-957ADA1F42E3}.Ad-Hoc|iOS.Build.0 = Release|Any CPU
		{B902FCE5-CE06-4E90-861B-957ADA1F42E3}.Ad-Hoc|iPhone.ActiveCfg = Release|Any CPU
		{B902FCE5-CE06-4E90-861B-957ADA1F42E3}.Ad-Hoc|iPhone.Build.0 = Release|Any CPU
		{B902FCE5-CE06-4E90-861B-957ADA1F42E3}.Ad-Hoc|iPhoneSimulator.ActiveCfg = Release|Any CPU
		{B902FCE5-CE06-4E90-861B-957ADA1F42E3}.Ad-Hoc|iPhoneSimulator.Build.0 = Release|Any CPU
		{B902FCE5-CE06-4E90-861B-957ADA1F42E3}.Ad-Hoc|Windows Phone (Universal).ActiveCfg = Release|Any CPU
		{B902FCE5-CE06-4E90-861B-957ADA1F42E3}.Ad-Hoc|Windows Phone (Universal).Build.0 = Release|Any CPU
		{B902FCE5-CE06-4E90-861B-957ADA1F42E3}.Ad-Hoc|Windows Phone 8.ActiveCfg = Release|Any CPU
		{B902FCE5-CE06-4E90-861B-957ADA1F42E3}.Ad-Hoc|Windows Phone 8.Build.0 = Release|Any CPU
		{B902FCE5-CE06-4E90-861B-957ADA1F42E3}.Ad-Hoc|Windows-AnyCPU.ActiveCfg = Release|Any CPU
		{B902FCE5-CE06-4E90-861B-957ADA1F42E3}.Ad-Hoc|Windows-AnyCPU.Build.0 = Release|Any CPU
		{B902FCE5-CE06-4E90-861B-957ADA1F42E3}.Ad-Hoc|Windows-ARM.ActiveCfg = Release|Any CPU
		{B902FCE5-CE06-4E90-861B-957ADA1F42E3}.Ad-Hoc|Windows-ARM.Build.0 = Release|Any CPU
		{B902FCE5-CE06-4E90-861B-957ADA1F42E3}.Ad-Hoc|Windows-x64.ActiveCfg = Release|Any CPU
		{B902FCE5-CE06-4E90-861B-957ADA1F42E3}.Ad-Hoc|Windows-x64.Build.0 = Release|Any CPU
		{B902FCE5-CE06-4E90-861B-957ADA1F42E3}.Ad-Hoc|Windows-x86.ActiveCfg = Release|Any CPU
		{B902FCE5-CE06-4E90-861B-957ADA1F42E3}.Ad-Hoc|Windows-x86.Build.0 = Release|Any CPU
		{B902FCE5-CE06-4E90-861B-957ADA1F42E3}.Ad-Hoc|x64.ActiveCfg = Release|Any CPU
		{B902FCE5-CE06-4E90-861B-957ADA1F42E3}.Ad-Hoc|x64.Build.0 = Release|Any CPU
		{B902FCE5-CE06-4E90-861B-957ADA1F42E3}.Ad-Hoc|x86.ActiveCfg = Release|Any CPU
		{B902FCE5-CE06-4E90-861B-957ADA1F42E3}.Ad-Hoc|x86.Build.0 = Release|Any CPU
		{B902FCE5-CE06-4E90-861B-957ADA1F42E3}.AppStore|Android.ActiveCfg = Release|Any CPU
		{B902FCE5-CE06-4E90-861B-957ADA1F42E3}.AppStore|Android.Build.0 = Release|Any CPU
		{B902FCE5-CE06-4E90-861B-957ADA1F42E3}.AppStore|Any CPU.ActiveCfg = Release|Any CPU
		{B902FCE5-CE06-4E90-861B-957ADA1F42E3}.AppStore|Any CPU.Build.0 = Release|Any CPU
		{B902FCE5-CE06-4E90-861B-957ADA1F42E3}.AppStore|ARM.ActiveCfg = Release|Any CPU
		{B902FCE5-CE06-4E90-861B-957ADA1F42E3}.AppStore|ARM.Build.0 = Release|Any CPU
		{B902FCE5-CE06-4E90-861B-957ADA1F42E3}.AppStore|iOS.ActiveCfg = Release|Any CPU
		{B902FCE5-CE06-4E90-861B-957ADA1F42E3}.AppStore|iOS.Build.0 = Release|Any CPU
		{B902FCE5-CE06-4E90-861B-957ADA1F42E3}.AppStore|iPhone.ActiveCfg = Release|Any CPU
		{B902FCE5-CE06-4E90-861B-957ADA1F42E3}.AppStore|iPhone.Build.0 = Release|Any CPU
		{B902FCE5-CE06-4E90-861B-957ADA1F42E3}.AppStore|iPhoneSimulator.ActiveCfg = Release|Any CPU
		{B902FCE5-CE06-4E90-861B-957ADA1F42E3}.AppStore|iPhoneSimulator.Build.0 = Release|Any CPU
		{B902FCE5-CE06-4E90-861B-957ADA1F42E3}.AppStore|Windows Phone (Universal).ActiveCfg = Release|Any CPU
		{B902FCE5-CE06-4E90-861B-957ADA1F42E3}.AppStore|Windows Phone (Universal).Build.0 = Release|Any CPU
		{B902FCE5-CE06-4E90-861B-957ADA1F42E3}.AppStore|Windows Phone 8.ActiveCfg = Release|Any CPU
		{B902FCE5-CE06-4E90-861B-957ADA1F42E3}.AppStore|Windows Phone 8.Build.0 = Release|Any CPU
		{B902FCE5-CE06-4E90-861B-957ADA1F42E3}.AppStore|Windows-AnyCPU.ActiveCfg = Release|Any CPU
		{B902FCE5-CE06-4E90-861B-957ADA1F42E3}.AppStore|Windows-AnyCPU.Build.0 = Release|Any CPU
		{B902FCE5-CE06-4E90-861B-957ADA1F42E3}.AppStore|Windows-ARM.ActiveCfg = Release|Any CPU
		{B902FCE5-CE06-4E90-861B-957ADA1F42E3}.AppStore|Windows-ARM.Build.0 = Release|Any CPU
		{B902FCE5-CE06-4E90-861B-957ADA1F42E3}.AppStore|Windows-x64.ActiveCfg = Release|Any CPU
		{B902FCE5-CE06-4E90-861B-957ADA1F42E3}.AppStore|Windows-x64.Build.0 = Release|Any CPU
		{B902FCE5-CE06-4E90-861B-957ADA1F42E3}.AppStore|Windows-x86.ActiveCfg = Release|Any CPU
		{B902FCE5-CE06-4E90-861B-957ADA1F42E3}.AppStore|Windows-x86.Build.0 = Release|Any CPU
		{B902FCE5-CE06-4E90-861B-957ADA1F42E3}.AppStore|x64.ActiveCfg = Release|Any CPU
		{B902FCE5-CE06-4E90-861B-957ADA1F42E3}.AppStore|x64.Build.0 = Release|Any CPU
		{B902FCE5-CE06-4E90-861B-957ADA1F42E3}.AppStore|x86.ActiveCfg = Release|Any CPU
		{B902FCE5-CE06-4E90-861B-957ADA1F42E3}.AppStore|x86.Build.0 = Release|Any CPU
		{B902FCE5-CE06-4E90-861B-957ADA1F42E3}.Debug|Android.ActiveCfg = Debug|Any CPU
		{B902FCE5-CE06-4E90-861B-957ADA1F42E3}.Debug|Android.Build.0 = Debug|Any CPU
		{B902FCE5-CE06-4E90-861B-957ADA1F42E3}.Debug|Any CPU.ActiveCfg = Debug|Any CPU
		{B902FCE5-CE06-4E90-861B-957ADA1F42E3}.Debug|Any CPU.Build.0 = Debug|Any CPU
		{B902FCE5-CE06-4E90-861B-957ADA1F42E3}.Debug|ARM.ActiveCfg = Debug|Any CPU
		{B902FCE5-CE06-4E90-861B-957ADA1F42E3}.Debug|ARM.Build.0 = Debug|Any CPU
		{B902FCE5-CE06-4E90-861B-957ADA1F42E3}.Debug|iOS.ActiveCfg = Debug|Any CPU
		{B902FCE5-CE06-4E90-861B-957ADA1F42E3}.Debug|iOS.Build.0 = Debug|Any CPU
		{B902FCE5-CE06-4E90-861B-957ADA1F42E3}.Debug|iPhone.ActiveCfg = Debug|Any CPU
		{B902FCE5-CE06-4E90-861B-957ADA1F42E3}.Debug|iPhone.Build.0 = Debug|Any CPU
		{B902FCE5-CE06-4E90-861B-957ADA1F42E3}.Debug|iPhoneSimulator.ActiveCfg = Debug|Any CPU
		{B902FCE5-CE06-4E90-861B-957ADA1F42E3}.Debug|iPhoneSimulator.Build.0 = Debug|Any CPU
		{B902FCE5-CE06-4E90-861B-957ADA1F42E3}.Debug|Windows Phone (Universal).ActiveCfg = Debug|Any CPU
		{B902FCE5-CE06-4E90-861B-957ADA1F42E3}.Debug|Windows Phone (Universal).Build.0 = Debug|Any CPU
		{B902FCE5-CE06-4E90-861B-957ADA1F42E3}.Debug|Windows Phone 8.ActiveCfg = Debug|Any CPU
		{B902FCE5-CE06-4E90-861B-957ADA1F42E3}.Debug|Windows Phone 8.Build.0 = Debug|Any CPU
		{B902FCE5-CE06-4E90-861B-957ADA1F42E3}.Debug|Windows-AnyCPU.ActiveCfg = Debug|Any CPU
		{B902FCE5-CE06-4E90-861B-957ADA1F42E3}.Debug|Windows-AnyCPU.Build.0 = Debug|Any CPU
		{B902FCE5-CE06-4E90-861B-957ADA1F42E3}.Debug|Windows-ARM.ActiveCfg = Debug|Any CPU
		{B902FCE5-CE06-4E90-861B-957ADA1F42E3}.Debug|Windows-ARM.Build.0 = Debug|Any CPU
		{B902FCE5-CE06-4E90-861B-957ADA1F42E3}.Debug|Windows-x64.ActiveCfg = Debug|Any CPU
		{B902FCE5-CE06-4E90-861B-957ADA1F42E3}.Debug|Windows-x64.Build.0 = Debug|Any CPU
		{B902FCE5-CE06-4E90-861B-957ADA1F42E3}.Debug|Windows-x86.ActiveCfg = Debug|Any CPU
		{B902FCE5-CE06-4E90-861B-957ADA1F42E3}.Debug|Windows-x86.Build.0 = Debug|Any CPU
		{B902FCE5-CE06-4E90-861B-957ADA1F42E3}.Debug|x64.ActiveCfg = Debug|Any CPU
		{B902FCE5-CE06-4E90-861B-957ADA1F42E3}.Debug|x64.Build.0 = Debug|Any CPU
		{B902FCE5-CE06-4E90-861B-957ADA1F42E3}.Debug|x86.ActiveCfg = Debug|Any CPU
		{B902FCE5-CE06-4E90-861B-957ADA1F42E3}.Debug|x86.Build.0 = Debug|Any CPU
		{B902FCE5-CE06-4E90-861B-957ADA1F42E3}.Release|Android.ActiveCfg = Release|Any CPU
		{B902FCE5-CE06-4E90-861B-957ADA1F42E3}.Release|Android.Build.0 = Release|Any CPU
		{B902FCE5-CE06-4E90-861B-957ADA1F42E3}.Release|Any CPU.ActiveCfg = Release|Any CPU
		{B902FCE5-CE06-4E90-861B-957ADA1F42E3}.Release|Any CPU.Build.0 = Release|Any CPU
		{B902FCE5-CE06-4E90-861B-957ADA1F42E3}.Release|ARM.ActiveCfg = Release|Any CPU
		{B902FCE5-CE06-4E90-861B-957ADA1F42E3}.Release|ARM.Build.0 = Release|Any CPU
		{B902FCE5-CE06-4E90-861B-957ADA1F42E3}.Release|iOS.ActiveCfg = Release|Any CPU
		{B902FCE5-CE06-4E90-861B-957ADA1F42E3}.Release|iOS.Build.0 = Release|Any CPU
		{B902FCE5-CE06-4E90-861B-957ADA1F42E3}.Release|iPhone.ActiveCfg = Release|Any CPU
		{B902FCE5-CE06-4E90-861B-957ADA1F42E3}.Release|iPhone.Build.0 = Release|Any CPU
		{B902FCE5-CE06-4E90-861B-957ADA1F42E3}.Release|iPhoneSimulator.ActiveCfg = Release|Any CPU
		{B902FCE5-CE06-4E90-861B-957ADA1F42E3}.Release|iPhoneSimulator.Build.0 = Release|Any CPU
		{B902FCE5-CE06-4E90-861B-957ADA1F42E3}.Release|Windows Phone (Universal).ActiveCfg = Release|Any CPU
		{B902FCE5-CE06-4E90-861B-957ADA1F42E3}.Release|Windows Phone (Universal).Build.0 = Release|Any CPU
		{B902FCE5-CE06-4E90-861B-957ADA1F42E3}.Release|Windows Phone 8.ActiveCfg = Release|Any CPU
		{B902FCE5-CE06-4E90-861B-957ADA1F42E3}.Release|Windows Phone 8.Build.0 = Release|Any CPU
		{B902FCE5-CE06-4E90-861B-957ADA1F42E3}.Release|Windows-AnyCPU.ActiveCfg = Release|Any CPU
		{B902FCE5-CE06-4E90-861B-957ADA1F42E3}.Release|Windows-AnyCPU.Build.0 = Release|Any CPU
		{B902FCE5-CE06-4E90-861B-957ADA1F42E3}.Release|Windows-ARM.ActiveCfg = Release|Any CPU
		{B902FCE5-CE06-4E90-861B-957ADA1F42E3}.Release|Windows-ARM.Build.0 = Release|Any CPU
		{B902FCE5-CE06-4E90-861B-957ADA1F42E3}.Release|Windows-x64.ActiveCfg = Release|Any CPU
		{B902FCE5-CE06-4E90-861B-957ADA1F42E3}.Release|Windows-x64.Build.0 = Release|Any CPU
		{B902FCE5-CE06-4E90-861B-957ADA1F42E3}.Release|Windows-x86.ActiveCfg = Release|Any CPU
		{B902FCE5-CE06-4E90-861B-957ADA1F42E3}.Release|Windows-x86.Build.0 = Release|Any CPU
		{B902FCE5-CE06-4E90-861B-957ADA1F42E3}.Release|x64.ActiveCfg = Release|Any CPU
		{B902FCE5-CE06-4E90-861B-957ADA1F42E3}.Release|x64.Build.0 = Release|Any CPU
		{B902FCE5-CE06-4E90-861B-957ADA1F42E3}.Release|x86.ActiveCfg = Release|Any CPU
		{B902FCE5-CE06-4E90-861B-957ADA1F42E3}.Release|x86.Build.0 = Release|Any CPU
		{A6B7D760-BA16-46B7-AF21-B744A05E8FFF}.Ad-Hoc|Android.ActiveCfg = Release|Android
		{A6B7D760-BA16-46B7-AF21-B744A05E8FFF}.Ad-Hoc|Android.Build.0 = Release|Android
		{A6B7D760-BA16-46B7-AF21-B744A05E8FFF}.Ad-Hoc|Android.Deploy.0 = Release|Android
		{A6B7D760-BA16-46B7-AF21-B744A05E8FFF}.Ad-Hoc|Any CPU.ActiveCfg = Release|Android
		{A6B7D760-BA16-46B7-AF21-B744A05E8FFF}.Ad-Hoc|Any CPU.Build.0 = Release|Android
		{A6B7D760-BA16-46B7-AF21-B744A05E8FFF}.Ad-Hoc|Any CPU.Deploy.0 = Release|Android
		{A6B7D760-BA16-46B7-AF21-B744A05E8FFF}.Ad-Hoc|ARM.ActiveCfg = Release|Android
		{A6B7D760-BA16-46B7-AF21-B744A05E8FFF}.Ad-Hoc|ARM.Build.0 = Release|Android
		{A6B7D760-BA16-46B7-AF21-B744A05E8FFF}.Ad-Hoc|ARM.Deploy.0 = Release|Android
		{A6B7D760-BA16-46B7-AF21-B744A05E8FFF}.Ad-Hoc|iOS.ActiveCfg = Release|iOS
		{A6B7D760-BA16-46B7-AF21-B744A05E8FFF}.Ad-Hoc|iOS.Build.0 = Release|iOS
		{A6B7D760-BA16-46B7-AF21-B744A05E8FFF}.Ad-Hoc|iOS.Deploy.0 = Release|iOS
		{A6B7D760-BA16-46B7-AF21-B744A05E8FFF}.Ad-Hoc|iPhone.ActiveCfg = Release|Android
		{A6B7D760-BA16-46B7-AF21-B744A05E8FFF}.Ad-Hoc|iPhone.Build.0 = Release|Android
		{A6B7D760-BA16-46B7-AF21-B744A05E8FFF}.Ad-Hoc|iPhone.Deploy.0 = Release|Android
		{A6B7D760-BA16-46B7-AF21-B744A05E8FFF}.Ad-Hoc|iPhoneSimulator.ActiveCfg = Release|Android
		{A6B7D760-BA16-46B7-AF21-B744A05E8FFF}.Ad-Hoc|iPhoneSimulator.Build.0 = Release|Android
		{A6B7D760-BA16-46B7-AF21-B744A05E8FFF}.Ad-Hoc|iPhoneSimulator.Deploy.0 = Release|Android
		{A6B7D760-BA16-46B7-AF21-B744A05E8FFF}.Ad-Hoc|Windows Phone (Universal).ActiveCfg = Debug|Windows Phone (Universal)
		{A6B7D760-BA16-46B7-AF21-B744A05E8FFF}.Ad-Hoc|Windows Phone (Universal).Build.0 = Debug|Windows Phone (Universal)
		{A6B7D760-BA16-46B7-AF21-B744A05E8FFF}.Ad-Hoc|Windows Phone (Universal).Deploy.0 = Debug|Windows Phone (Universal)
		{A6B7D760-BA16-46B7-AF21-B744A05E8FFF}.Ad-Hoc|Windows Phone 8.ActiveCfg = Debug|Windows Phone 8
		{A6B7D760-BA16-46B7-AF21-B744A05E8FFF}.Ad-Hoc|Windows Phone 8.Build.0 = Debug|Windows Phone 8
		{A6B7D760-BA16-46B7-AF21-B744A05E8FFF}.Ad-Hoc|Windows Phone 8.Deploy.0 = Debug|Windows Phone 8
		{A6B7D760-BA16-46B7-AF21-B744A05E8FFF}.Ad-Hoc|Windows-AnyCPU.ActiveCfg = Release|Windows-AnyCPU
		{A6B7D760-BA16-46B7-AF21-B744A05E8FFF}.Ad-Hoc|Windows-AnyCPU.Build.0 = Release|Windows-AnyCPU
		{A6B7D760-BA16-46B7-AF21-B744A05E8FFF}.Ad-Hoc|Windows-AnyCPU.Deploy.0 = Release|Windows-AnyCPU
		{A6B7D760-BA16-46B7-AF21-B744A05E8FFF}.Ad-Hoc|Windows-ARM.ActiveCfg = Release|Windows-ARM
		{A6B7D760-BA16-46B7-AF21-B744A05E8FFF}.Ad-Hoc|Windows-ARM.Build.0 = Release|Windows-ARM
		{A6B7D760-BA16-46B7-AF21-B744A05E8FFF}.Ad-Hoc|Windows-ARM.Deploy.0 = Release|Windows-ARM
		{A6B7D760-BA16-46B7-AF21-B744A05E8FFF}.Ad-Hoc|Windows-x64.ActiveCfg = Release|Windows-x64
		{A6B7D760-BA16-46B7-AF21-B744A05E8FFF}.Ad-Hoc|Windows-x64.Build.0 = Release|Windows-x64
		{A6B7D760-BA16-46B7-AF21-B744A05E8FFF}.Ad-Hoc|Windows-x64.Deploy.0 = Release|Windows-x64
		{A6B7D760-BA16-46B7-AF21-B744A05E8FFF}.Ad-Hoc|Windows-x86.ActiveCfg = Release|Windows-x86
		{A6B7D760-BA16-46B7-AF21-B744A05E8FFF}.Ad-Hoc|Windows-x86.Build.0 = Release|Windows-x86
		{A6B7D760-BA16-46B7-AF21-B744A05E8FFF}.Ad-Hoc|Windows-x86.Deploy.0 = Release|Windows-x86
		{A6B7D760-BA16-46B7-AF21-B744A05E8FFF}.Ad-Hoc|x64.ActiveCfg = Release|Android
		{A6B7D760-BA16-46B7-AF21-B744A05E8FFF}.Ad-Hoc|x64.Build.0 = Release|Android
		{A6B7D760-BA16-46B7-AF21-B744A05E8FFF}.Ad-Hoc|x64.Deploy.0 = Release|Android
		{A6B7D760-BA16-46B7-AF21-B744A05E8FFF}.Ad-Hoc|x86.ActiveCfg = Release|Android
		{A6B7D760-BA16-46B7-AF21-B744A05E8FFF}.Ad-Hoc|x86.Build.0 = Release|Android
		{A6B7D760-BA16-46B7-AF21-B744A05E8FFF}.Ad-Hoc|x86.Deploy.0 = Release|Android
		{A6B7D760-BA16-46B7-AF21-B744A05E8FFF}.AppStore|Android.ActiveCfg = Release|Android
		{A6B7D760-BA16-46B7-AF21-B744A05E8FFF}.AppStore|Android.Build.0 = Release|Android
		{A6B7D760-BA16-46B7-AF21-B744A05E8FFF}.AppStore|Android.Deploy.0 = Release|Android
		{A6B7D760-BA16-46B7-AF21-B744A05E8FFF}.AppStore|Any CPU.ActiveCfg = Release|Android
		{A6B7D760-BA16-46B7-AF21-B744A05E8FFF}.AppStore|Any CPU.Build.0 = Release|Android
		{A6B7D760-BA16-46B7-AF21-B744A05E8FFF}.AppStore|Any CPU.Deploy.0 = Release|Android
		{A6B7D760-BA16-46B7-AF21-B744A05E8FFF}.AppStore|ARM.ActiveCfg = Release|Android
		{A6B7D760-BA16-46B7-AF21-B744A05E8FFF}.AppStore|ARM.Build.0 = Release|Android
		{A6B7D760-BA16-46B7-AF21-B744A05E8FFF}.AppStore|ARM.Deploy.0 = Release|Android
		{A6B7D760-BA16-46B7-AF21-B744A05E8FFF}.AppStore|iOS.ActiveCfg = Release|iOS
		{A6B7D760-BA16-46B7-AF21-B744A05E8FFF}.AppStore|iOS.Build.0 = Release|iOS
		{A6B7D760-BA16-46B7-AF21-B744A05E8FFF}.AppStore|iOS.Deploy.0 = Release|iOS
		{A6B7D760-BA16-46B7-AF21-B744A05E8FFF}.AppStore|iPhone.ActiveCfg = Release|Android
		{A6B7D760-BA16-46B7-AF21-B744A05E8FFF}.AppStore|iPhone.Build.0 = Release|Android
		{A6B7D760-BA16-46B7-AF21-B744A05E8FFF}.AppStore|iPhone.Deploy.0 = Release|Android
		{A6B7D760-BA16-46B7-AF21-B744A05E8FFF}.AppStore|iPhoneSimulator.ActiveCfg = Release|Android
		{A6B7D760-BA16-46B7-AF21-B744A05E8FFF}.AppStore|iPhoneSimulator.Build.0 = Release|Android
		{A6B7D760-BA16-46B7-AF21-B744A05E8FFF}.AppStore|iPhoneSimulator.Deploy.0 = Release|Android
		{A6B7D760-BA16-46B7-AF21-B744A05E8FFF}.AppStore|Windows Phone (Universal).ActiveCfg = Debug|Windows Phone (Universal)
		{A6B7D760-BA16-46B7-AF21-B744A05E8FFF}.AppStore|Windows Phone (Universal).Build.0 = Debug|Windows Phone (Universal)
		{A6B7D760-BA16-46B7-AF21-B744A05E8FFF}.AppStore|Windows Phone (Universal).Deploy.0 = Debug|Windows Phone (Universal)
		{A6B7D760-BA16-46B7-AF21-B744A05E8FFF}.AppStore|Windows Phone 8.ActiveCfg = Debug|Windows Phone 8
		{A6B7D760-BA16-46B7-AF21-B744A05E8FFF}.AppStore|Windows Phone 8.Build.0 = Debug|Windows Phone 8
		{A6B7D760-BA16-46B7-AF21-B744A05E8FFF}.AppStore|Windows Phone 8.Deploy.0 = Debug|Windows Phone 8
		{A6B7D760-BA16-46B7-AF21-B744A05E8FFF}.AppStore|Windows-AnyCPU.ActiveCfg = Release|Windows-AnyCPU
		{A6B7D760-BA16-46B7-AF21-B744A05E8FFF}.AppStore|Windows-AnyCPU.Build.0 = Release|Windows-AnyCPU
		{A6B7D760-BA16-46B7-AF21-B744A05E8FFF}.AppStore|Windows-AnyCPU.Deploy.0 = Release|Windows-AnyCPU
		{A6B7D760-BA16-46B7-AF21-B744A05E8FFF}.AppStore|Windows-ARM.ActiveCfg = Release|Windows-ARM
		{A6B7D760-BA16-46B7-AF21-B744A05E8FFF}.AppStore|Windows-ARM.Build.0 = Release|Windows-ARM
		{A6B7D760-BA16-46B7-AF21-B744A05E8FFF}.AppStore|Windows-ARM.Deploy.0 = Release|Windows-ARM
		{A6B7D760-BA16-46B7-AF21-B744A05E8FFF}.AppStore|Windows-x64.ActiveCfg = Release|Windows-x64
		{A6B7D760-BA16-46B7-AF21-B744A05E8FFF}.AppStore|Windows-x64.Build.0 = Release|Windows-x64
		{A6B7D760-BA16-46B7-AF21-B744A05E8FFF}.AppStore|Windows-x64.Deploy.0 = Release|Windows-x64
		{A6B7D760-BA16-46B7-AF21-B744A05E8FFF}.AppStore|Windows-x86.ActiveCfg = Release|Windows-x86
		{A6B7D760-BA16-46B7-AF21-B744A05E8FFF}.AppStore|Windows-x86.Build.0 = Release|Windows-x86
		{A6B7D760-BA16-46B7-AF21-B744A05E8FFF}.AppStore|Windows-x86.Deploy.0 = Release|Windows-x86
		{A6B7D760-BA16-46B7-AF21-B744A05E8FFF}.AppStore|x64.ActiveCfg = Release|Android
		{A6B7D760-BA16-46B7-AF21-B744A05E8FFF}.AppStore|x64.Build.0 = Release|Android
		{A6B7D760-BA16-46B7-AF21-B744A05E8FFF}.AppStore|x64.Deploy.0 = Release|Android
		{A6B7D760-BA16-46B7-AF21-B744A05E8FFF}.AppStore|x86.ActiveCfg = Release|Android
		{A6B7D760-BA16-46B7-AF21-B744A05E8FFF}.AppStore|x86.Build.0 = Release|Android
		{A6B7D760-BA16-46B7-AF21-B744A05E8FFF}.AppStore|x86.Deploy.0 = Release|Android
		{A6B7D760-BA16-46B7-AF21-B744A05E8FFF}.Debug|Android.ActiveCfg = Debug|Android
		{A6B7D760-BA16-46B7-AF21-B744A05E8FFF}.Debug|Android.Build.0 = Debug|Android
		{A6B7D760-BA16-46B7-AF21-B744A05E8FFF}.Debug|Android.Deploy.0 = Debug|Android
		{A6B7D760-BA16-46B7-AF21-B744A05E8FFF}.Debug|Any CPU.ActiveCfg = Debug|Android
		{A6B7D760-BA16-46B7-AF21-B744A05E8FFF}.Debug|ARM.ActiveCfg = Debug|Windows-ARM
		{A6B7D760-BA16-46B7-AF21-B744A05E8FFF}.Debug|iOS.ActiveCfg = Debug|iOS
		{A6B7D760-BA16-46B7-AF21-B744A05E8FFF}.Debug|iOS.Build.0 = Debug|iOS
		{A6B7D760-BA16-46B7-AF21-B744A05E8FFF}.Debug|iOS.Deploy.0 = Debug|iOS
		{A6B7D760-BA16-46B7-AF21-B744A05E8FFF}.Debug|iPhone.ActiveCfg = Debug|iOS
		{A6B7D760-BA16-46B7-AF21-B744A05E8FFF}.Debug|iPhoneSimulator.ActiveCfg = Debug|iOS
		{A6B7D760-BA16-46B7-AF21-B744A05E8FFF}.Debug|Windows Phone (Universal).ActiveCfg = Debug|Windows Phone (Universal)
		{A6B7D760-BA16-46B7-AF21-B744A05E8FFF}.Debug|Windows Phone (Universal).Build.0 = Debug|Windows Phone (Universal)
		{A6B7D760-BA16-46B7-AF21-B744A05E8FFF}.Debug|Windows Phone (Universal).Deploy.0 = Debug|Windows Phone (Universal)
		{A6B7D760-BA16-46B7-AF21-B744A05E8FFF}.Debug|Windows Phone 8.ActiveCfg = Debug|Windows Phone 8
		{A6B7D760-BA16-46B7-AF21-B744A05E8FFF}.Debug|Windows Phone 8.Build.0 = Debug|Windows Phone 8
		{A6B7D760-BA16-46B7-AF21-B744A05E8FFF}.Debug|Windows Phone 8.Deploy.0 = Debug|Windows Phone 8
		{A6B7D760-BA16-46B7-AF21-B744A05E8FFF}.Debug|Windows-AnyCPU.ActiveCfg = Debug|Windows-AnyCPU
		{A6B7D760-BA16-46B7-AF21-B744A05E8FFF}.Debug|Windows-AnyCPU.Build.0 = Debug|Windows-AnyCPU
		{A6B7D760-BA16-46B7-AF21-B744A05E8FFF}.Debug|Windows-AnyCPU.Deploy.0 = Debug|Windows-AnyCPU
		{A6B7D760-BA16-46B7-AF21-B744A05E8FFF}.Debug|Windows-ARM.ActiveCfg = Debug|Windows-ARM
		{A6B7D760-BA16-46B7-AF21-B744A05E8FFF}.Debug|Windows-ARM.Build.0 = Debug|Windows-ARM
		{A6B7D760-BA16-46B7-AF21-B744A05E8FFF}.Debug|Windows-ARM.Deploy.0 = Debug|Windows-ARM
		{A6B7D760-BA16-46B7-AF21-B744A05E8FFF}.Debug|Windows-x64.ActiveCfg = Debug|Windows-x64
		{A6B7D760-BA16-46B7-AF21-B744A05E8FFF}.Debug|Windows-x64.Build.0 = Debug|Windows-x64
		{A6B7D760-BA16-46B7-AF21-B744A05E8FFF}.Debug|Windows-x64.Deploy.0 = Debug|Windows-x64
		{A6B7D760-BA16-46B7-AF21-B744A05E8FFF}.Debug|Windows-x86.ActiveCfg = Debug|Windows-x86
		{A6B7D760-BA16-46B7-AF21-B744A05E8FFF}.Debug|Windows-x86.Build.0 = Debug|Windows-x86
		{A6B7D760-BA16-46B7-AF21-B744A05E8FFF}.Debug|Windows-x86.Deploy.0 = Debug|Windows-x86
		{A6B7D760-BA16-46B7-AF21-B744A05E8FFF}.Debug|x64.ActiveCfg = Debug|Windows-x64
		{A6B7D760-BA16-46B7-AF21-B744A05E8FFF}.Debug|x86.ActiveCfg = Debug|Windows-x86
		{A6B7D760-BA16-46B7-AF21-B744A05E8FFF}.Release|Android.ActiveCfg = Release|Android
		{A6B7D760-BA16-46B7-AF21-B744A05E8FFF}.Release|Android.Build.0 = Release|Android
		{A6B7D760-BA16-46B7-AF21-B744A05E8FFF}.Release|Android.Deploy.0 = Release|Android
		{A6B7D760-BA16-46B7-AF21-B744A05E8FFF}.Release|Any CPU.ActiveCfg = Release|Android
		{A6B7D760-BA16-46B7-AF21-B744A05E8FFF}.Release|ARM.ActiveCfg = Release|Windows-ARM
		{A6B7D760-BA16-46B7-AF21-B744A05E8FFF}.Release|iOS.ActiveCfg = Release|iOS
		{A6B7D760-BA16-46B7-AF21-B744A05E8FFF}.Release|iOS.Build.0 = Release|iOS
		{A6B7D760-BA16-46B7-AF21-B744A05E8FFF}.Release|iOS.Deploy.0 = Release|iOS
		{A6B7D760-BA16-46B7-AF21-B744A05E8FFF}.Release|iPhone.ActiveCfg = Release|iOS
		{A6B7D760-BA16-46B7-AF21-B744A05E8FFF}.Release|iPhoneSimulator.ActiveCfg = Release|iOS
		{A6B7D760-BA16-46B7-AF21-B744A05E8FFF}.Release|Windows Phone (Universal).ActiveCfg = Release|Windows Phone (Universal)
		{A6B7D760-BA16-46B7-AF21-B744A05E8FFF}.Release|Windows Phone (Universal).Build.0 = Release|Windows Phone (Universal)
		{A6B7D760-BA16-46B7-AF21-B744A05E8FFF}.Release|Windows Phone (Universal).Deploy.0 = Release|Windows Phone (Universal)
		{A6B7D760-BA16-46B7-AF21-B744A05E8FFF}.Release|Windows Phone 8.ActiveCfg = Release|Windows Phone 8
		{A6B7D760-BA16-46B7-AF21-B744A05E8FFF}.Release|Windows Phone 8.Build.0 = Release|Windows Phone 8
		{A6B7D760-BA16-46B7-AF21-B744A05E8FFF}.Release|Windows Phone 8.Deploy.0 = Release|Windows Phone 8
		{A6B7D760-BA16-46B7-AF21-B744A05E8FFF}.Release|Windows-AnyCPU.ActiveCfg = Release|Windows-AnyCPU
		{A6B7D760-BA16-46B7-AF21-B744A05E8FFF}.Release|Windows-AnyCPU.Build.0 = Release|Windows-AnyCPU
		{A6B7D760-BA16-46B7-AF21-B744A05E8FFF}.Release|Windows-AnyCPU.Deploy.0 = Release|Windows-AnyCPU
		{A6B7D760-BA16-46B7-AF21-B744A05E8FFF}.Release|Windows-ARM.ActiveCfg = Release|Windows-ARM
		{A6B7D760-BA16-46B7-AF21-B744A05E8FFF}.Release|Windows-ARM.Build.0 = Release|Windows-ARM
		{A6B7D760-BA16-46B7-AF21-B744A05E8FFF}.Release|Windows-ARM.Deploy.0 = Release|Windows-ARM
		{A6B7D760-BA16-46B7-AF21-B744A05E8FFF}.Release|Windows-x64.ActiveCfg = Release|Windows-x64
		{A6B7D760-BA16-46B7-AF21-B744A05E8FFF}.Release|Windows-x64.Build.0 = Release|Windows-x64
		{A6B7D760-BA16-46B7-AF21-B744A05E8FFF}.Release|Windows-x64.Deploy.0 = Release|Windows-x64
		{A6B7D760-BA16-46B7-AF21-B744A05E8FFF}.Release|Windows-x86.ActiveCfg = Release|Windows-x86
		{A6B7D760-BA16-46B7-AF21-B744A05E8FFF}.Release|Windows-x86.Build.0 = Release|Windows-x86
		{A6B7D760-BA16-46B7-AF21-B744A05E8FFF}.Release|Windows-x86.Deploy.0 = Release|Windows-x86
		{A6B7D760-BA16-46B7-AF21-B744A05E8FFF}.Release|x64.ActiveCfg = Release|Windows-x64
		{A6B7D760-BA16-46B7-AF21-B744A05E8FFF}.Release|x86.ActiveCfg = Release|Windows-x86
		{12E93236-3C76-4513-A951-A915E3414CFE}.Ad-Hoc|Android.ActiveCfg = Debug|Any CPU
		{12E93236-3C76-4513-A951-A915E3414CFE}.Ad-Hoc|Android.Build.0 = Debug|Any CPU
		{12E93236-3C76-4513-A951-A915E3414CFE}.Ad-Hoc|Any CPU.ActiveCfg = Debug|Any CPU
		{12E93236-3C76-4513-A951-A915E3414CFE}.Ad-Hoc|Any CPU.Build.0 = Debug|Any CPU
		{12E93236-3C76-4513-A951-A915E3414CFE}.Ad-Hoc|ARM.ActiveCfg = Debug|Any CPU
		{12E93236-3C76-4513-A951-A915E3414CFE}.Ad-Hoc|ARM.Build.0 = Debug|Any CPU
		{12E93236-3C76-4513-A951-A915E3414CFE}.Ad-Hoc|iOS.ActiveCfg = Debug|Any CPU
		{12E93236-3C76-4513-A951-A915E3414CFE}.Ad-Hoc|iOS.Build.0 = Debug|Any CPU
		{12E93236-3C76-4513-A951-A915E3414CFE}.Ad-Hoc|iPhone.ActiveCfg = Debug|Any CPU
		{12E93236-3C76-4513-A951-A915E3414CFE}.Ad-Hoc|iPhone.Build.0 = Debug|Any CPU
		{12E93236-3C76-4513-A951-A915E3414CFE}.Ad-Hoc|iPhoneSimulator.ActiveCfg = Debug|Any CPU
		{12E93236-3C76-4513-A951-A915E3414CFE}.Ad-Hoc|iPhoneSimulator.Build.0 = Debug|Any CPU
		{12E93236-3C76-4513-A951-A915E3414CFE}.Ad-Hoc|Windows Phone (Universal).ActiveCfg = Debug|Any CPU
		{12E93236-3C76-4513-A951-A915E3414CFE}.Ad-Hoc|Windows Phone (Universal).Build.0 = Debug|Any CPU
		{12E93236-3C76-4513-A951-A915E3414CFE}.Ad-Hoc|Windows Phone 8.ActiveCfg = Debug|Any CPU
		{12E93236-3C76-4513-A951-A915E3414CFE}.Ad-Hoc|Windows Phone 8.Build.0 = Debug|Any CPU
		{12E93236-3C76-4513-A951-A915E3414CFE}.Ad-Hoc|Windows-AnyCPU.ActiveCfg = Debug|Any CPU
		{12E93236-3C76-4513-A951-A915E3414CFE}.Ad-Hoc|Windows-AnyCPU.Build.0 = Debug|Any CPU
		{12E93236-3C76-4513-A951-A915E3414CFE}.Ad-Hoc|Windows-ARM.ActiveCfg = Debug|Any CPU
		{12E93236-3C76-4513-A951-A915E3414CFE}.Ad-Hoc|Windows-ARM.Build.0 = Debug|Any CPU
		{12E93236-3C76-4513-A951-A915E3414CFE}.Ad-Hoc|Windows-x64.ActiveCfg = Debug|Any CPU
		{12E93236-3C76-4513-A951-A915E3414CFE}.Ad-Hoc|Windows-x64.Build.0 = Debug|Any CPU
		{12E93236-3C76-4513-A951-A915E3414CFE}.Ad-Hoc|Windows-x86.ActiveCfg = Debug|Any CPU
		{12E93236-3C76-4513-A951-A915E3414CFE}.Ad-Hoc|Windows-x86.Build.0 = Debug|Any CPU
		{12E93236-3C76-4513-A951-A915E3414CFE}.Ad-Hoc|x64.ActiveCfg = Debug|Any CPU
		{12E93236-3C76-4513-A951-A915E3414CFE}.Ad-Hoc|x64.Build.0 = Debug|Any CPU
		{12E93236-3C76-4513-A951-A915E3414CFE}.Ad-Hoc|x86.ActiveCfg = Debug|Any CPU
		{12E93236-3C76-4513-A951-A915E3414CFE}.Ad-Hoc|x86.Build.0 = Debug|Any CPU
		{12E93236-3C76-4513-A951-A915E3414CFE}.AppStore|Android.ActiveCfg = Debug|Any CPU
		{12E93236-3C76-4513-A951-A915E3414CFE}.AppStore|Android.Build.0 = Debug|Any CPU
		{12E93236-3C76-4513-A951-A915E3414CFE}.AppStore|Any CPU.ActiveCfg = Debug|Any CPU
		{12E93236-3C76-4513-A951-A915E3414CFE}.AppStore|Any CPU.Build.0 = Debug|Any CPU
		{12E93236-3C76-4513-A951-A915E3414CFE}.AppStore|ARM.ActiveCfg = Debug|Any CPU
		{12E93236-3C76-4513-A951-A915E3414CFE}.AppStore|ARM.Build.0 = Debug|Any CPU
		{12E93236-3C76-4513-A951-A915E3414CFE}.AppStore|iOS.ActiveCfg = Debug|Any CPU
		{12E93236-3C76-4513-A951-A915E3414CFE}.AppStore|iOS.Build.0 = Debug|Any CPU
		{12E93236-3C76-4513-A951-A915E3414CFE}.AppStore|iPhone.ActiveCfg = Debug|Any CPU
		{12E93236-3C76-4513-A951-A915E3414CFE}.AppStore|iPhone.Build.0 = Debug|Any CPU
		{12E93236-3C76-4513-A951-A915E3414CFE}.AppStore|iPhoneSimulator.ActiveCfg = Debug|Any CPU
		{12E93236-3C76-4513-A951-A915E3414CFE}.AppStore|iPhoneSimulator.Build.0 = Debug|Any CPU
		{12E93236-3C76-4513-A951-A915E3414CFE}.AppStore|Windows Phone (Universal).ActiveCfg = Debug|Any CPU
		{12E93236-3C76-4513-A951-A915E3414CFE}.AppStore|Windows Phone (Universal).Build.0 = Debug|Any CPU
		{12E93236-3C76-4513-A951-A915E3414CFE}.AppStore|Windows Phone 8.ActiveCfg = Debug|Any CPU
		{12E93236-3C76-4513-A951-A915E3414CFE}.AppStore|Windows Phone 8.Build.0 = Debug|Any CPU
		{12E93236-3C76-4513-A951-A915E3414CFE}.AppStore|Windows-AnyCPU.ActiveCfg = Debug|Any CPU
		{12E93236-3C76-4513-A951-A915E3414CFE}.AppStore|Windows-AnyCPU.Build.0 = Debug|Any CPU
		{12E93236-3C76-4513-A951-A915E3414CFE}.AppStore|Windows-ARM.ActiveCfg = Debug|Any CPU
		{12E93236-3C76-4513-A951-A915E3414CFE}.AppStore|Windows-ARM.Build.0 = Debug|Any CPU
		{12E93236-3C76-4513-A951-A915E3414CFE}.AppStore|Windows-x64.ActiveCfg = Debug|Any CPU
		{12E93236-3C76-4513-A951-A915E3414CFE}.AppStore|Windows-x64.Build.0 = Debug|Any CPU
		{12E93236-3C76-4513-A951-A915E3414CFE}.AppStore|Windows-x86.ActiveCfg = Debug|Any CPU
		{12E93236-3C76-4513-A951-A915E3414CFE}.AppStore|Windows-x86.Build.0 = Debug|Any CPU
		{12E93236-3C76-4513-A951-A915E3414CFE}.AppStore|x64.ActiveCfg = Debug|Any CPU
		{12E93236-3C76-4513-A951-A915E3414CFE}.AppStore|x64.Build.0 = Debug|Any CPU
		{12E93236-3C76-4513-A951-A915E3414CFE}.AppStore|x86.ActiveCfg = Debug|Any CPU
		{12E93236-3C76-4513-A951-A915E3414CFE}.AppStore|x86.Build.0 = Debug|Any CPU
		{12E93236-3C76-4513-A951-A915E3414CFE}.Debug|Android.ActiveCfg = Debug|Any CPU
		{12E93236-3C76-4513-A951-A915E3414CFE}.Debug|Android.Build.0 = Debug|Any CPU
		{12E93236-3C76-4513-A951-A915E3414CFE}.Debug|Any CPU.ActiveCfg = Debug|Any CPU
		{12E93236-3C76-4513-A951-A915E3414CFE}.Debug|Any CPU.Build.0 = Debug|Any CPU
		{12E93236-3C76-4513-A951-A915E3414CFE}.Debug|ARM.ActiveCfg = Debug|Any CPU
		{12E93236-3C76-4513-A951-A915E3414CFE}.Debug|ARM.Build.0 = Debug|Any CPU
		{12E93236-3C76-4513-A951-A915E3414CFE}.Debug|iOS.ActiveCfg = Debug|Any CPU
		{12E93236-3C76-4513-A951-A915E3414CFE}.Debug|iOS.Build.0 = Debug|Any CPU
		{12E93236-3C76-4513-A951-A915E3414CFE}.Debug|iPhone.ActiveCfg = Debug|Any CPU
		{12E93236-3C76-4513-A951-A915E3414CFE}.Debug|iPhone.Build.0 = Debug|Any CPU
		{12E93236-3C76-4513-A951-A915E3414CFE}.Debug|iPhoneSimulator.ActiveCfg = Debug|Any CPU
		{12E93236-3C76-4513-A951-A915E3414CFE}.Debug|iPhoneSimulator.Build.0 = Debug|Any CPU
		{12E93236-3C76-4513-A951-A915E3414CFE}.Debug|Windows Phone (Universal).ActiveCfg = Debug|Any CPU
		{12E93236-3C76-4513-A951-A915E3414CFE}.Debug|Windows Phone (Universal).Build.0 = Debug|Any CPU
		{12E93236-3C76-4513-A951-A915E3414CFE}.Debug|Windows Phone 8.ActiveCfg = Debug|Any CPU
		{12E93236-3C76-4513-A951-A915E3414CFE}.Debug|Windows Phone 8.Build.0 = Debug|Any CPU
		{12E93236-3C76-4513-A951-A915E3414CFE}.Debug|Windows-AnyCPU.ActiveCfg = Debug|Any CPU
		{12E93236-3C76-4513-A951-A915E3414CFE}.Debug|Windows-AnyCPU.Build.0 = Debug|Any CPU
		{12E93236-3C76-4513-A951-A915E3414CFE}.Debug|Windows-ARM.ActiveCfg = Debug|Any CPU
		{12E93236-3C76-4513-A951-A915E3414CFE}.Debug|Windows-ARM.Build.0 = Debug|Any CPU
		{12E93236-3C76-4513-A951-A915E3414CFE}.Debug|Windows-x64.ActiveCfg = Debug|Any CPU
		{12E93236-3C76-4513-A951-A915E3414CFE}.Debug|Windows-x64.Build.0 = Debug|Any CPU
		{12E93236-3C76-4513-A951-A915E3414CFE}.Debug|Windows-x86.ActiveCfg = Debug|Any CPU
		{12E93236-3C76-4513-A951-A915E3414CFE}.Debug|Windows-x86.Build.0 = Debug|Any CPU
		{12E93236-3C76-4513-A951-A915E3414CFE}.Debug|x64.ActiveCfg = Debug|Any CPU
		{12E93236-3C76-4513-A951-A915E3414CFE}.Debug|x64.Build.0 = Debug|Any CPU
		{12E93236-3C76-4513-A951-A915E3414CFE}.Debug|x86.ActiveCfg = Debug|Any CPU
		{12E93236-3C76-4513-A951-A915E3414CFE}.Debug|x86.Build.0 = Debug|Any CPU
		{12E93236-3C76-4513-A951-A915E3414CFE}.Release|Android.ActiveCfg = Release|Any CPU
		{12E93236-3C76-4513-A951-A915E3414CFE}.Release|Android.Build.0 = Release|Any CPU
		{12E93236-3C76-4513-A951-A915E3414CFE}.Release|Any CPU.ActiveCfg = Release|Any CPU
		{12E93236-3C76-4513-A951-A915E3414CFE}.Release|Any CPU.Build.0 = Release|Any CPU
		{12E93236-3C76-4513-A951-A915E3414CFE}.Release|ARM.ActiveCfg = Release|Any CPU
		{12E93236-3C76-4513-A951-A915E3414CFE}.Release|ARM.Build.0 = Release|Any CPU
		{12E93236-3C76-4513-A951-A915E3414CFE}.Release|iOS.ActiveCfg = Release|Any CPU
		{12E93236-3C76-4513-A951-A915E3414CFE}.Release|iOS.Build.0 = Release|Any CPU
		{12E93236-3C76-4513-A951-A915E3414CFE}.Release|iPhone.ActiveCfg = Release|Any CPU
		{12E93236-3C76-4513-A951-A915E3414CFE}.Release|iPhone.Build.0 = Release|Any CPU
		{12E93236-3C76-4513-A951-A915E3414CFE}.Release|iPhoneSimulator.ActiveCfg = Release|Any CPU
		{12E93236-3C76-4513-A951-A915E3414CFE}.Release|iPhoneSimulator.Build.0 = Release|Any CPU
		{12E93236-3C76-4513-A951-A915E3414CFE}.Release|Windows Phone (Universal).ActiveCfg = Release|Any CPU
		{12E93236-3C76-4513-A951-A915E3414CFE}.Release|Windows Phone (Universal).Build.0 = Release|Any CPU
		{12E93236-3C76-4513-A951-A915E3414CFE}.Release|Windows Phone 8.ActiveCfg = Release|Any CPU
		{12E93236-3C76-4513-A951-A915E3414CFE}.Release|Windows Phone 8.Build.0 = Release|Any CPU
		{12E93236-3C76-4513-A951-A915E3414CFE}.Release|Windows-AnyCPU.ActiveCfg = Release|Any CPU
		{12E93236-3C76-4513-A951-A915E3414CFE}.Release|Windows-AnyCPU.Build.0 = Release|Any CPU
		{12E93236-3C76-4513-A951-A915E3414CFE}.Release|Windows-ARM.ActiveCfg = Release|Any CPU
		{12E93236-3C76-4513-A951-A915E3414CFE}.Release|Windows-ARM.Build.0 = Release|Any CPU
		{12E93236-3C76-4513-A951-A915E3414CFE}.Release|Windows-x64.ActiveCfg = Release|Any CPU
		{12E93236-3C76-4513-A951-A915E3414CFE}.Release|Windows-x64.Build.0 = Release|Any CPU
		{12E93236-3C76-4513-A951-A915E3414CFE}.Release|Windows-x86.ActiveCfg = Release|Any CPU
		{12E93236-3C76-4513-A951-A915E3414CFE}.Release|Windows-x86.Build.0 = Release|Any CPU
		{12E93236-3C76-4513-A951-A915E3414CFE}.Release|x64.ActiveCfg = Release|Any CPU
		{12E93236-3C76-4513-A951-A915E3414CFE}.Release|x64.Build.0 = Release|Any CPU
		{12E93236-3C76-4513-A951-A915E3414CFE}.Release|x86.ActiveCfg = Release|Any CPU
		{12E93236-3C76-4513-A951-A915E3414CFE}.Release|x86.Build.0 = Release|Any CPU
	EndGlobalSection
	GlobalSection(SolutionProperties) = preSolution
		HideSolutionNode = FALSE
	EndGlobalSection
	GlobalSection(NestedProjects) = preSolution
		{CFD79A2E-6880-40C1-BC02-FBD3DE527893} = {9A969EF2-2ABF-415D-9E86-4D27CFE75304}
		{D76D6EE8-5039-4352-A455-F7866B1EBFAD} = {EF7B582D-E4B7-4517-A7C1-28FB757DAE89}
		{2B6A8415-6D6C-4D8C-9951-96035BCD9A75} = {9A969EF2-2ABF-415D-9E86-4D27CFE75304}
		{B902FCE5-CE06-4E90-861B-957ADA1F42E3} = {EF7B582D-E4B7-4517-A7C1-28FB757DAE89}
		{A6B7D760-BA16-46B7-AF21-B744A05E8FFF} = {8ABC615E-FB72-4EE2-91A2-9D3584C7E295}
		{12E93236-3C76-4513-A951-A915E3414CFE} = {EF7B582D-E4B7-4517-A7C1-28FB757DAE89}
	EndGlobalSection
EndGlobal
